// !$*UTF8*$!
{
	archiveVersion = 1;
	classes = {
	};
	objectVersion = 46;
	objects = {

/* Begin PBXBuildFile section */
		5EB3A76763BB4E3EB7CF9882 /* libPods-SampleAppiOS7Tests.a in Frameworks */ = {isa = PBXBuildFile; fileRef = D17513AA30DFF4B5A1E79418 /* libPods-SampleAppiOS7Tests.a */; };
		6176D9B41C765506007E8B92 /* main.m in Sources */ = {isa = PBXBuildFile; fileRef = 6176D9B31C765506007E8B92 /* main.m */; };
		6176D9B71C765506007E8B92 /* AppDelegate.m in Sources */ = {isa = PBXBuildFile; fileRef = 6176D9B61C765506007E8B92 /* AppDelegate.m */; };
		6176D9BA1C765506007E8B92 /* ViewController.m in Sources */ = {isa = PBXBuildFile; fileRef = 6176D9B91C765506007E8B92 /* ViewController.m */; };
		6176D9BD1C765506007E8B92 /* Main.storyboard in Resources */ = {isa = PBXBuildFile; fileRef = 6176D9BB1C765506007E8B92 /* Main.storyboard */; };
		6176D9BF1C765506007E8B92 /* Assets.xcassets in Resources */ = {isa = PBXBuildFile; fileRef = 6176D9BE1C765506007E8B92 /* Assets.xcassets */; };
		6176D9C21C765506007E8B92 /* LaunchScreen.storyboard in Resources */ = {isa = PBXBuildFile; fileRef = 6176D9C01C765506007E8B92 /* LaunchScreen.storyboard */; };
		6176D9CD1C765506007E8B92 /* SampleAppiOS7Tests.m in Sources */ = {isa = PBXBuildFile; fileRef = 6176D9CC1C765506007E8B92 /* SampleAppiOS7Tests.m */; };
/* End PBXBuildFile section */

/* Begin PBXContainerItemProxy section */
		6176D9C91C765506007E8B92 /* PBXContainerItemProxy */ = {
			isa = PBXContainerItemProxy;
			containerPortal = 6176D9A71C765506007E8B92 /* Project object */;
			proxyType = 1;
			remoteGlobalIDString = 6176D9AE1C765506007E8B92;
			remoteInfo = SampleAppiOS7;
		};
/* End PBXContainerItemProxy section */

/* Begin PBXFileReference section */
		601AA2C15D728EF169397283 /* Pods-SampleAppiOS7Tests.debug.xcconfig */ = {isa = PBXFileReference; includeInIndex = 1; lastKnownFileType = text.xcconfig; name = "Pods-SampleAppiOS7Tests.debug.xcconfig"; path = "Pods/Target Support Files/Pods-SampleAppiOS7Tests/Pods-SampleAppiOS7Tests.debug.xcconfig"; sourceTree = "<group>"; };
		6176D9AF1C765506007E8B92 /* SampleAppiOS7.app */ = {isa = PBXFileReference; explicitFileType = wrapper.application; includeInIndex = 0; path = SampleAppiOS7.app; sourceTree = BUILT_PRODUCTS_DIR; };
		6176D9B31C765506007E8B92 /* main.m */ = {isa = PBXFileReference; lastKnownFileType = sourcecode.c.objc; path = main.m; sourceTree = "<group>"; };
		6176D9B51C765506007E8B92 /* AppDelegate.h */ = {isa = PBXFileReference; lastKnownFileType = sourcecode.c.h; path = AppDelegate.h; sourceTree = "<group>"; };
		6176D9B61C765506007E8B92 /* AppDelegate.m */ = {isa = PBXFileReference; lastKnownFileType = sourcecode.c.objc; path = AppDelegate.m; sourceTree = "<group>"; };
		6176D9B81C765506007E8B92 /* ViewController.h */ = {isa = PBXFileReference; lastKnownFileType = sourcecode.c.h; path = ViewController.h; sourceTree = "<group>"; };
		6176D9B91C765506007E8B92 /* ViewController.m */ = {isa = PBXFileReference; lastKnownFileType = sourcecode.c.objc; path = ViewController.m; sourceTree = "<group>"; };
		6176D9BC1C765506007E8B92 /* Base */ = {isa = PBXFileReference; lastKnownFileType = file.storyboard; name = Base; path = Base.lproj/Main.storyboard; sourceTree = "<group>"; };
		6176D9BE1C765506007E8B92 /* Assets.xcassets */ = {isa = PBXFileReference; lastKnownFileType = folder.assetcatalog; path = Assets.xcassets; sourceTree = "<group>"; };
		6176D9C11C765506007E8B92 /* Base */ = {isa = PBXFileReference; lastKnownFileType = file.storyboard; name = Base; path = Base.lproj/LaunchScreen.storyboard; sourceTree = "<group>"; };
		6176D9C31C765506007E8B92 /* Info.plist */ = {isa = PBXFileReference; lastKnownFileType = text.plist.xml; path = Info.plist; sourceTree = "<group>"; };
		6176D9C81C765506007E8B92 /* SampleAppiOS7Tests.xctest */ = {isa = PBXFileReference; explicitFileType = wrapper.cfbundle; includeInIndex = 0; path = SampleAppiOS7Tests.xctest; sourceTree = BUILT_PRODUCTS_DIR; };
		6176D9CC1C765506007E8B92 /* SampleAppiOS7Tests.m */ = {isa = PBXFileReference; lastKnownFileType = sourcecode.c.objc; path = SampleAppiOS7Tests.m; sourceTree = "<group>"; };
		6176D9CE1C765506007E8B92 /* Info.plist */ = {isa = PBXFileReference; lastKnownFileType = text.plist.xml; path = Info.plist; sourceTree = "<group>"; };
		8FE14E6940998D725EB7071C /* Pods-SampleAppiOS7Tests.release.xcconfig */ = {isa = PBXFileReference; includeInIndex = 1; lastKnownFileType = text.xcconfig; name = "Pods-SampleAppiOS7Tests.release.xcconfig"; path = "Pods/Target Support Files/Pods-SampleAppiOS7Tests/Pods-SampleAppiOS7Tests.release.xcconfig"; sourceTree = "<group>"; };
		D17513AA30DFF4B5A1E79418 /* libPods-SampleAppiOS7Tests.a */ = {isa = PBXFileReference; explicitFileType = archive.ar; includeInIndex = 0; path = "libPods-SampleAppiOS7Tests.a"; sourceTree = BUILT_PRODUCTS_DIR; };
/* End PBXFileReference section */

/* Begin PBXFrameworksBuildPhase section */
		6176D9AC1C765506007E8B92 /* Frameworks */ = {
			isa = PBXFrameworksBuildPhase;
			buildActionMask = 2147483647;
			files = (
			);
			runOnlyForDeploymentPostprocessing = 0;
		};
		6176D9C51C765506007E8B92 /* Frameworks */ = {
			isa = PBXFrameworksBuildPhase;
			buildActionMask = 2147483647;
			files = (
				5EB3A76763BB4E3EB7CF9882 /* libPods-SampleAppiOS7Tests.a in Frameworks */,
			);
			runOnlyForDeploymentPostprocessing = 0;
		};
/* End PBXFrameworksBuildPhase section */

/* Begin PBXGroup section */
		6176D9A61C765506007E8B92 = {
			isa = PBXGroup;
			children = (
				6176D9B11C765506007E8B92 /* SampleAppiOS7 */,
				6176D9CB1C765506007E8B92 /* SampleAppiOS7Tests */,
				6176D9B01C765506007E8B92 /* Products */,
				81154340E3D7E96B02CB6840 /* Pods */,
				F547F4C0766501A693AF89B7 /* Frameworks */,
			);
			sourceTree = "<group>";
		};
		6176D9B01C765506007E8B92 /* Products */ = {
			isa = PBXGroup;
			children = (
				6176D9AF1C765506007E8B92 /* SampleAppiOS7.app */,
				6176D9C81C765506007E8B92 /* SampleAppiOS7Tests.xctest */,
			);
			name = Products;
			sourceTree = "<group>";
		};
		6176D9B11C765506007E8B92 /* SampleAppiOS7 */ = {
			isa = PBXGroup;
			children = (
				6176D9B51C765506007E8B92 /* AppDelegate.h */,
				6176D9B61C765506007E8B92 /* AppDelegate.m */,
				6176D9B81C765506007E8B92 /* ViewController.h */,
				6176D9B91C765506007E8B92 /* ViewController.m */,
				6176D9BB1C765506007E8B92 /* Main.storyboard */,
				6176D9BE1C765506007E8B92 /* Assets.xcassets */,
				6176D9C01C765506007E8B92 /* LaunchScreen.storyboard */,
				6176D9C31C765506007E8B92 /* Info.plist */,
				6176D9B21C765506007E8B92 /* Supporting Files */,
			);
			path = SampleAppiOS7;
			sourceTree = "<group>";
		};
		6176D9B21C765506007E8B92 /* Supporting Files */ = {
			isa = PBXGroup;
			children = (
				6176D9B31C765506007E8B92 /* main.m */,
			);
			name = "Supporting Files";
			sourceTree = "<group>";
		};
		6176D9CB1C765506007E8B92 /* SampleAppiOS7Tests */ = {
			isa = PBXGroup;
			children = (
				6176D9CC1C765506007E8B92 /* SampleAppiOS7Tests.m */,
				6176D9CE1C765506007E8B92 /* Info.plist */,
			);
			path = SampleAppiOS7Tests;
			sourceTree = "<group>";
		};
		81154340E3D7E96B02CB6840 /* Pods */ = {
			isa = PBXGroup;
			children = (
				601AA2C15D728EF169397283 /* Pods-SampleAppiOS7Tests.debug.xcconfig */,
				8FE14E6940998D725EB7071C /* Pods-SampleAppiOS7Tests.release.xcconfig */,
			);
			name = Pods;
			sourceTree = "<group>";
		};
		F547F4C0766501A693AF89B7 /* Frameworks */ = {
			isa = PBXGroup;
			children = (
				D17513AA30DFF4B5A1E79418 /* libPods-SampleAppiOS7Tests.a */,
			);
			name = Frameworks;
			sourceTree = "<group>";
		};
/* End PBXGroup section */

/* Begin PBXNativeTarget section */
		6176D9AE1C765506007E8B92 /* SampleAppiOS7 */ = {
			isa = PBXNativeTarget;
			buildConfigurationList = 6176D9D11C765506007E8B92 /* Build configuration list for PBXNativeTarget "SampleAppiOS7" */;
			buildPhases = (
				6176D9AB1C765506007E8B92 /* Sources */,
				6176D9AC1C765506007E8B92 /* Frameworks */,
				6176D9AD1C765506007E8B92 /* Resources */,
			);
			buildRules = (
			);
			dependencies = (
			);
			name = SampleAppiOS7;
			productName = SampleAppiOS7;
			productReference = 6176D9AF1C765506007E8B92 /* SampleAppiOS7.app */;
			productType = "com.apple.product-type.application";
		};
		6176D9C71C765506007E8B92 /* SampleAppiOS7Tests */ = {
			isa = PBXNativeTarget;
			buildConfigurationList = 6176D9D41C765506007E8B92 /* Build configuration list for PBXNativeTarget "SampleAppiOS7Tests" */;
			buildPhases = (
				D76D0B63238E1858D7FE24AC /* Check Pods Manifest.lock */,
				6176D9C41C765506007E8B92 /* Sources */,
				6176D9C51C765506007E8B92 /* Frameworks */,
				6176D9C61C765506007E8B92 /* Resources */,
				18CE4BCC1C07EB16DC8F248E /* Embed Pods Frameworks */,
				E5D3EE11BF2AB4D2C9CCF8C3 /* Copy Pods Resources */,
			);
			buildRules = (
			);
			dependencies = (
				6176D9CA1C765506007E8B92 /* PBXTargetDependency */,
			);
			name = SampleAppiOS7Tests;
			productName = SampleAppiOS7Tests;
			productReference = 6176D9C81C765506007E8B92 /* SampleAppiOS7Tests.xctest */;
			productType = "com.apple.product-type.bundle.unit-test";
		};
/* End PBXNativeTarget section */

/* Begin PBXProject section */
		6176D9A71C765506007E8B92 /* Project object */ = {
			isa = PBXProject;
			attributes = {
				LastUpgradeCheck = 0720;
				ORGANIZATIONNAME = LinkedIn;
				TargetAttributes = {
					6176D9AE1C765506007E8B92 = {
						CreatedOnToolsVersion = 7.2;
					};
					6176D9C71C765506007E8B92 = {
						CreatedOnToolsVersion = 7.2;
						TestTargetID = 6176D9AE1C765506007E8B92;
					};
				};
			};
			buildConfigurationList = 6176D9AA1C765506007E8B92 /* Build configuration list for PBXProject "SampleAppiOS7" */;
			compatibilityVersion = "Xcode 3.2";
			developmentRegion = English;
			hasScannedForEncodings = 0;
			knownRegions = (
				en,
				Base,
			);
			mainGroup = 6176D9A61C765506007E8B92;
			productRefGroup = 6176D9B01C765506007E8B92 /* Products */;
			projectDirPath = "";
			projectRoot = "";
			targets = (
				6176D9AE1C765506007E8B92 /* SampleAppiOS7 */,
				6176D9C71C765506007E8B92 /* SampleAppiOS7Tests */,
			);
		};
/* End PBXProject section */

/* Begin PBXResourcesBuildPhase section */
		6176D9AD1C765506007E8B92 /* Resources */ = {
			isa = PBXResourcesBuildPhase;
			buildActionMask = 2147483647;
			files = (
				6176D9C21C765506007E8B92 /* LaunchScreen.storyboard in Resources */,
				6176D9BF1C765506007E8B92 /* Assets.xcassets in Resources */,
				6176D9BD1C765506007E8B92 /* Main.storyboard in Resources */,
			);
			runOnlyForDeploymentPostprocessing = 0;
		};
		6176D9C61C765506007E8B92 /* Resources */ = {
			isa = PBXResourcesBuildPhase;
			buildActionMask = 2147483647;
			files = (
			);
			runOnlyForDeploymentPostprocessing = 0;
		};
/* End PBXResourcesBuildPhase section */

/* Begin PBXShellScriptBuildPhase section */
		18CE4BCC1C07EB16DC8F248E /* Embed Pods Frameworks */ = {
			isa = PBXShellScriptBuildPhase;
			buildActionMask = 2147483647;
			files = (
			);
			inputPaths = (
			);
			name = "Embed Pods Frameworks";
			outputPaths = (
			);
			runOnlyForDeploymentPostprocessing = 0;
			shellPath = /bin/sh;
			shellScript = "\"${SRCROOT}/Pods/Target Support Files/Pods-SampleAppiOS7Tests/Pods-SampleAppiOS7Tests-frameworks.sh\"\n";
			showEnvVarsInLog = 0;
		};
		D76D0B63238E1858D7FE24AC /* Check Pods Manifest.lock */ = {
			isa = PBXShellScriptBuildPhase;
			buildActionMask = 2147483647;
			files = (
			);
			inputPaths = (
			);
			name = "Check Pods Manifest.lock";
			outputPaths = (
			);
			runOnlyForDeploymentPostprocessing = 0;
			shellPath = /bin/sh;
			shellScript = "diff \"${PODS_ROOT}/../Podfile.lock\" \"${PODS_ROOT}/Manifest.lock\" > /dev/null\nif [[ $? != 0 ]] ; then\n    cat << EOM\nerror: The sandbox is not in sync with the Podfile.lock. Run 'pod install' or update your CocoaPods installation.\nEOM\n    exit 1\nfi\n";
			showEnvVarsInLog = 0;
		};
		E5D3EE11BF2AB4D2C9CCF8C3 /* Copy Pods Resources */ = {
			isa = PBXShellScriptBuildPhase;
			buildActionMask = 2147483647;
			files = (
			);
			inputPaths = (
			);
			name = "Copy Pods Resources";
			outputPaths = (
			);
			runOnlyForDeploymentPostprocessing = 0;
			shellPath = /bin/sh;
			shellScript = "\"${SRCROOT}/Pods/Target Support Files/Pods-SampleAppiOS7Tests/Pods-SampleAppiOS7Tests-resources.sh\"\n";
			showEnvVarsInLog = 0;
		};
/* End PBXShellScriptBuildPhase section */

/* Begin PBXSourcesBuildPhase section */
		6176D9AB1C765506007E8B92 /* Sources */ = {
			isa = PBXSourcesBuildPhase;
			buildActionMask = 2147483647;
			files = (
				6176D9BA1C765506007E8B92 /* ViewController.m in Sources */,
				6176D9B71C765506007E8B92 /* AppDelegate.m in Sources */,
				6176D9B41C765506007E8B92 /* main.m in Sources */,
			);
			runOnlyForDeploymentPostprocessing = 0;
		};
		6176D9C41C765506007E8B92 /* Sources */ = {
			isa = PBXSourcesBuildPhase;
			buildActionMask = 2147483647;
			files = (
				6176D9CD1C765506007E8B92 /* SampleAppiOS7Tests.m in Sources */,
			);
			runOnlyForDeploymentPostprocessing = 0;
		};
/* End PBXSourcesBuildPhase section */

/* Begin PBXTargetDependency section */
		6176D9CA1C765506007E8B92 /* PBXTargetDependency */ = {
			isa = PBXTargetDependency;
			target = 6176D9AE1C765506007E8B92 /* SampleAppiOS7 */;
			targetProxy = 6176D9C91C765506007E8B92 /* PBXContainerItemProxy */;
		};
/* End PBXTargetDependency section */

/* Begin PBXVariantGroup section */
		6176D9BB1C765506007E8B92 /* Main.storyboard */ = {
			isa = PBXVariantGroup;
			children = (
				6176D9BC1C765506007E8B92 /* Base */,
			);
			name = Main.storyboard;
			sourceTree = "<group>";
		};
		6176D9C01C765506007E8B92 /* LaunchScreen.storyboard */ = {
			isa = PBXVariantGroup;
			children = (
				6176D9C11C765506007E8B92 /* Base */,
			);
			name = LaunchScreen.storyboard;
			sourceTree = "<group>";
		};
/* End PBXVariantGroup section */

/* Begin XCBuildConfiguration section */
		6176D9CF1C765506007E8B92 /* Debug */ = {
			isa = XCBuildConfiguration;
			buildSettings = {
				ALWAYS_SEARCH_USER_PATHS = NO;
				CLANG_CXX_LANGUAGE_STANDARD = "gnu++0x";
				CLANG_CXX_LIBRARY = "libc++";
				CLANG_ENABLE_MODULES = YES;
				CLANG_ENABLE_OBJC_ARC = YES;
				CLANG_WARN_BOOL_CONVERSION = YES;
				CLANG_WARN_CONSTANT_CONVERSION = YES;
				CLANG_WARN_DIRECT_OBJC_ISA_USAGE = YES_ERROR;
				CLANG_WARN_EMPTY_BODY = YES;
				CLANG_WARN_ENUM_CONVERSION = YES;
				CLANG_WARN_INT_CONVERSION = YES;
				CLANG_WARN_OBJC_ROOT_CLASS = YES_ERROR;
				CLANG_WARN_UNREACHABLE_CODE = YES;
				CLANG_WARN__DUPLICATE_METHOD_MATCH = YES;
				"CODE_SIGN_IDENTITY[sdk=iphoneos*]" = "iPhone Developer";
				COPY_PHASE_STRIP = NO;
				DEBUG_INFORMATION_FORMAT = dwarf;
				ENABLE_STRICT_OBJC_MSGSEND = YES;
				ENABLE_TESTABILITY = YES;
				GCC_C_LANGUAGE_STANDARD = gnu99;
				GCC_DYNAMIC_NO_PIC = NO;
				GCC_NO_COMMON_BLOCKS = YES;
				GCC_OPTIMIZATION_LEVEL = 0;
				GCC_PREPROCESSOR_DEFINITIONS = (
					"DEBUG=1",
					"$(inherited)",
				);
				GCC_WARN_64_TO_32_BIT_CONVERSION = YES;
				GCC_WARN_ABOUT_RETURN_TYPE = YES_ERROR;
				GCC_WARN_UNDECLARED_SELECTOR = YES;
				GCC_WARN_UNINITIALIZED_AUTOS = YES_AGGRESSIVE;
				GCC_WARN_UNUSED_FUNCTION = YES;
				GCC_WARN_UNUSED_VARIABLE = YES;
				IPHONEOS_DEPLOYMENT_TARGET = 9.2;
				MTL_ENABLE_DEBUG_INFO = YES;
				ONLY_ACTIVE_ARCH = YES;
				SDKROOT = iphoneos;
			};
			name = Debug;
		};
		6176D9D01C765506007E8B92 /* Release */ = {
			isa = XCBuildConfiguration;
			buildSettings = {
				ALWAYS_SEARCH_USER_PATHS = NO;
				CLANG_CXX_LANGUAGE_STANDARD = "gnu++0x";
				CLANG_CXX_LIBRARY = "libc++";
				CLANG_ENABLE_MODULES = YES;
				CLANG_ENABLE_OBJC_ARC = YES;
				CLANG_WARN_BOOL_CONVERSION = YES;
				CLANG_WARN_CONSTANT_CONVERSION = YES;
				CLANG_WARN_DIRECT_OBJC_ISA_USAGE = YES_ERROR;
				CLANG_WARN_EMPTY_BODY = YES;
				CLANG_WARN_ENUM_CONVERSION = YES;
				CLANG_WARN_INT_CONVERSION = YES;
				CLANG_WARN_OBJC_ROOT_CLASS = YES_ERROR;
				CLANG_WARN_UNREACHABLE_CODE = YES;
				CLANG_WARN__DUPLICATE_METHOD_MATCH = YES;
				"CODE_SIGN_IDENTITY[sdk=iphoneos*]" = "iPhone Developer";
				COPY_PHASE_STRIP = NO;
				DEBUG_INFORMATION_FORMAT = "dwarf-with-dsym";
				ENABLE_NS_ASSERTIONS = NO;
				ENABLE_STRICT_OBJC_MSGSEND = YES;
				GCC_C_LANGUAGE_STANDARD = gnu99;
				GCC_NO_COMMON_BLOCKS = YES;
				GCC_WARN_64_TO_32_BIT_CONVERSION = YES;
				GCC_WARN_ABOUT_RETURN_TYPE = YES_ERROR;
				GCC_WARN_UNDECLARED_SELECTOR = YES;
				GCC_WARN_UNINITIALIZED_AUTOS = YES_AGGRESSIVE;
				GCC_WARN_UNUSED_FUNCTION = YES;
				GCC_WARN_UNUSED_VARIABLE = YES;
				IPHONEOS_DEPLOYMENT_TARGET = 9.2;
				MTL_ENABLE_DEBUG_INFO = NO;
				SDKROOT = iphoneos;
				VALIDATE_PRODUCT = YES;
			};
			name = Release;
		};
		6176D9D21C765506007E8B92 /* Debug */ = {
			isa = XCBuildConfiguration;
			buildSettings = {
				ASSETCATALOG_COMPILER_APPICON_NAME = AppIcon;
				INFOPLIST_FILE = SampleAppiOS7/Info.plist;
				IPHONEOS_DEPLOYMENT_TARGET = 7.0;
				LD_RUNPATH_SEARCH_PATHS = "$(inherited) @executable_path/Frameworks";
				PRODUCT_BUNDLE_IDENTIFIER = LinkedIn.SampleAppiOS7;
				PRODUCT_NAME = "$(TARGET_NAME)";
			};
			name = Debug;
		};
		6176D9D31C765506007E8B92 /* Release */ = {
			isa = XCBuildConfiguration;
			buildSettings = {
				ASSETCATALOG_COMPILER_APPICON_NAME = AppIcon;
				INFOPLIST_FILE = SampleAppiOS7/Info.plist;
				IPHONEOS_DEPLOYMENT_TARGET = 7.0;
				LD_RUNPATH_SEARCH_PATHS = "$(inherited) @executable_path/Frameworks";
				PRODUCT_BUNDLE_IDENTIFIER = LinkedIn.SampleAppiOS7;
				PRODUCT_NAME = "$(TARGET_NAME)";
			};
			name = Release;
		};
		6176D9D51C765506007E8B92 /* Debug */ = {
			isa = XCBuildConfiguration;
			baseConfigurationReference = 601AA2C15D728EF169397283 /* Pods-SampleAppiOS7Tests.debug.xcconfig */;
			buildSettings = {
				BUNDLE_LOADER = "$(TEST_HOST)";
				INFOPLIST_FILE = SampleAppiOS7Tests/Info.plist;
				LD_RUNPATH_SEARCH_PATHS = "$(inherited) @executable_path/Frameworks @loader_path/Frameworks";
				PRODUCT_BUNDLE_IDENTIFIER = LinkedIn.SampleAppiOS7Tests;
				PRODUCT_NAME = "$(TARGET_NAME)";
				TEST_HOST = "$(BUILT_PRODUCTS_DIR)/SampleAppiOS7.app/SampleAppiOS7";
			};
			name = Debug;
		};
		6176D9D61C765506007E8B92 /* Release */ = {
			isa = XCBuildConfiguration;
			baseConfigurationReference = 8FE14E6940998D725EB7071C /* Pods-SampleAppiOS7Tests.release.xcconfig */;
			buildSettings = {
				BUNDLE_LOADER = "$(TEST_HOST)";
				INFOPLIST_FILE = SampleAppiOS7Tests/Info.plist;
				LD_RUNPATH_SEARCH_PATHS = "$(inherited) @executable_path/Frameworks @loader_path/Frameworks";
				PRODUCT_BUNDLE_IDENTIFIER = LinkedIn.SampleAppiOS7Tests;
				PRODUCT_NAME = "$(TARGET_NAME)";
				TEST_HOST = "$(BUILT_PRODUCTS_DIR)/SampleAppiOS7.app/SampleAppiOS7";
			};
			name = Release;
		};
/* End XCBuildConfiguration section */

/* Begin XCConfigurationList section */
		6176D9AA1C765506007E8B92 /* Build configuration list for PBXProject "SampleAppiOS7" */ = {
			isa = XCConfigurationList;
			buildConfigurations = (
				6176D9CF1C765506007E8B92 /* Debug */,
				6176D9D01C765506007E8B92 /* Release */,
			);
			defaultConfigurationIsVisible = 0;
			defaultConfigurationName = Release;
		};
		6176D9D11C765506007E8B92 /* Build configuration list for PBXNativeTarget "SampleAppiOS7" */ = {
			isa = XCConfigurationList;
			buildConfigurations = (
				6176D9D21C765506007E8B92 /* Debug */,
				6176D9D31C765506007E8B92 /* Release */,
			);
			defaultConfigurationIsVisible = 0;
			defaultConfigurationName = Release;
		};
		6176D9D41C765506007E8B92 /* Build configuration list for PBXNativeTarget "SampleAppiOS7Tests" */ = {
			isa = XCConfigurationList;
			buildConfigurations = (
				6176D9D51C765506007E8B92 /* Debug */,
				6176D9D61C765506007E8B92 /* Release */,
			);
			defaultConfigurationIsVisible = 0;
			defaultConfigurationName = Release;
		};
/* End XCConfigurationList section */
	};
	rootObject = 6176D9A71C765506007E8B92 /* Project object */;
}
