PODS:
  - LayoutTest/Swift (6.1.0):
    - LayoutTest/SwiftSubspec
  - LayoutTest/SwiftSubspec (6.1.0):
    - LayoutTest/TestCase
    - LayoutTestBase/Swift
  - LayoutTest/TestCase (6.1.0):
    - LayoutTestBase/Autolayout
    - LayoutTestBase/Catalog
    - LayoutTestBase/Config
    - LayoutTestBase/Core
    - LayoutTestBase/UIViewHelpers
  - LayoutTestBase/Autolayout (6.1.0)
  - LayoutTestBase/Catalog (6.1.0):
    - LayoutTestBase/Core
  - LayoutTestBase/Config (6.1.0)
  - LayoutTestBase/Core (6.1.0):
    - LayoutTestBase/Config
  - LayoutTestBase/Swift (6.1.0):
    - LayoutTestBase/Autolayout
    - LayoutTestBase/Catalog
    - LayoutTestBase/Config
    - LayoutTestBase/Core
    - LayoutTestBase/UIViewHelpers
  - LayoutTestBase/UIViewHelpers (6.1.0):
    - LayoutTestBase/Config

DEPENDENCIES:
  - LayoutTest/Swift (from `..`)
  - LayoutTestBase/Swift (from `..`)

EXTERNAL SOURCES:
  LayoutTest:
    :path: ".."
  LayoutTestBase:
    :path: ".."

SPEC CHECKSUMS:
  LayoutTest: b437c8db637fc36895f9802004be09c75c733183
  LayoutTestBase: 9f511b9d5cd506b15db04e8948ef0979e454c6c9

PODFILE CHECKSUM: 5246816d918cdf1a74e375caab9c5c7d07c813b4

COCOAPODS: 1.15.2
