PODS:
  - LayoutTest/ModuleHeader (1.3.0):
    - LayoutTestBase (= 1.3.0)
  - LayoutTest/Swift (1.3.0):
    - LayoutTest/ModuleHeader
    - LayoutTest/SwiftSubspec
    - LayoutTest/TestCase
    - LayoutTestBase (= 1.3.0)
    - LayoutTestBase/Autolayout
    - LayoutTestBase/Catalog
    - LayoutTestBase/Config
    - LayoutTestBase/Core
    - LayoutTestBase/UIViewHelpers
  - LayoutTest/SwiftSubspec (1.3.0):
    - LayoutTest/ModuleHeader
    - LayoutTest/TestCase
    - LayoutTestBase (= 1.3.0)
  - LayoutTest/TestCase (1.3.0):
    - LayoutTest/ModuleHeader
    - LayoutTestBase (= 1.3.0)
    - LayoutTestBase/Config
    - LayoutTestBase/Core
  - LayoutTestBase (1.3.0):
    - LayoutTestBase/Autolayout (= 1.3.0)
    - LayoutTestBase/Catalog (= 1.3.0)
    - LayoutTestBase/Config (= 1.3.0)
    - LayoutTestBase/Core (= 1.3.0)
    - LayoutTestBase/UIViewHelpers (= 1.3.0)
  - LayoutTestBase/Autolayout (1.3.0)
  - LayoutTestBase/Catalog (1.3.0):
    - LayoutTestBase/Core
  - LayoutTestBase/Config (1.3.0)
  - LayoutTestBase/Core (1.3.0):
    - LayoutTestBase/Config
  - LayoutTestBase/UIViewHelpers (1.3.0):
    - LayoutTestBase/Config

DEPENDENCIES:
  - LayoutTest/Swift (from `..`)
  - LayoutTestBase (from `..`)

EXTERNAL SOURCES:
  LayoutTest:
    :path: ..
  LayoutTestBase:
    :path: ..

SPEC CHECKSUMS:
  LayoutTest: d03e54adfec57236f0f44e4d3b2b905731516dde
  LayoutTestBase: f5286c3751065de5eb42e8a1f781237c5b5c6eef

PODFILE CHECKSUM: 3f2420eb489cc0f10b880a3af950f8701bc45d05

COCOAPODS: 1.0.1
