PODS:
  - LayoutTest/ModuleHeader (3.0.0):
    - LayoutTestBase (= 3.0.0)
  - LayoutTest/Swift (3.0.0):
    - LayoutTest/ModuleHeader
    - LayoutTest/SwiftSubspec
    - LayoutTest/TestCase
    - LayoutTestBase (= 3.0.0)
    - LayoutTestBase/Autolayout
    - LayoutTestBase/Catalog
    - LayoutTestBase/Config
    - LayoutTestBase/Core
    - LayoutTestBase/UIViewHelpers
  - LayoutTest/SwiftSubspec (3.0.0):
    - LayoutTest/ModuleHeader
    - LayoutTest/TestCase
    - LayoutTestBase (= 3.0.0)
    - LayoutTestBase/Swift
  - LayoutTest/TestCase (3.0.0):
    - LayoutTest/ModuleHeader
    - LayoutTestBase (= 3.0.0)
    - LayoutTestBase/Config
    - LayoutTestBase/Core
  - LayoutTestBase (3.0.0):
    - LayoutTestBase/Autolayout (= 3.0.0)
    - LayoutTestBase/Catalog (= 3.0.0)
    - LayoutTestBase/Config (= 3.0.0)
    - LayoutTestBase/Core (= 3.0.0)
    - LayoutTestBase/UIViewHelpers (= 3.0.0)
  - LayoutTestBase/Autolayout (3.0.0)
  - LayoutTestBase/Catalog (3.0.0):
    - LayoutTestBase/Core
  - LayoutTestBase/Config (3.0.0)
  - LayoutTestBase/Core (3.0.0):
    - LayoutTestBase/Config
  - LayoutTestBase/ModuleHeader (3.0.0)
  - LayoutTestBase/Swift (3.0.0):
    - LayoutTestBase/Autolayout
    - LayoutTestBase/Catalog
    - LayoutTestBase/Config
    - LayoutTestBase/Core
    - LayoutTestBase/ModuleHeader
    - LayoutTestBase/UIViewHelpers
  - LayoutTestBase/UIViewHelpers (3.0.0):
    - LayoutTestBase/Config

DEPENDENCIES:
  - LayoutTest/Swift (from `..`)
  - LayoutTestBase/Swift (from `..`)

EXTERNAL SOURCES:
  LayoutTest:
    :path: ..
  LayoutTestBase:
    :path: ..

SPEC CHECKSUMS:
  LayoutTest: b6127bd4e2b1510d553279bac9e020332357fa2c
  LayoutTestBase: 322ada59ea398c6263d2dc3bec98b41869f1f978

PODFILE CHECKSUM: 49d61240f50937629372e86aec364a859466c5d8

COCOAPODS: 1.0.1
