// !$*UTF8*$!
{
	archiveVersion = 1;
	classes = {
	};
	objectVersion = 46;
	objects = {

/* Begin PBXBuildFile section */
		0DB6C9A7D4F4C6CD5A97CF04 /* Pods_SampleAppTests.framework in Frameworks */ = {isa = PBXBuildFile; fileRef = 72BCC245B867235CDA3964CA /* Pods_SampleAppTests.framework */; };
		615044901C1888DD00425AED /* SampleTableViewCell.swift in Sources */ = {isa = PBXBuildFile; fileRef = 61A306071C12588700CB3FEC /* SampleTableViewCell.swift */; };
		615044911C1888DD00425AED /* SampleTableViewCell.xib in Resources */ = {isa = PBXBuildFile; fileRef = 61A306081C12588700CB3FEC /* SampleTableViewCell.xib */; };
		61A305E41C12583100CB3FEC /* AppDelegate.swift in Sources */ = {isa = PBXBuildFile; fileRef = 61A305E31C12583100CB3FEC /* AppDelegate.swift */; };
		61A305EB1C12583100CB3FEC /* Assets.xcassets in Resources */ = {isa = PBXBuildFile; fileRef = 61A305EA1C12583100CB3FEC /* Assets.xcassets */; };
		61A305EE1C12583100CB3FEC /* LaunchScreen.storyboard in Resources */ = {isa = PBXBuildFile; fileRef = 61A305EC1C12583100CB3FEC /* LaunchScreen.storyboard */; };
		61A306091C12588700CB3FEC /* HomeViewController.swift in Sources */ = {isa = PBXBuildFile; fileRef = 61A306051C12588700CB3FEC /* HomeViewController.swift */; };
		61A3060A1C12588700CB3FEC /* HomeViewController.xib in Resources */ = {isa = PBXBuildFile; fileRef = 61A306061C12588700CB3FEC /* HomeViewController.xib */; };
		61A3060B1C12588700CB3FEC /* SampleTableViewCell.swift in Sources */ = {isa = PBXBuildFile; fileRef = 61A306071C12588700CB3FEC /* SampleTableViewCell.swift */; };
		61A3060C1C12588700CB3FEC /* SampleTableViewCell.xib in Resources */ = {isa = PBXBuildFile; fileRef = 61A306081C12588700CB3FEC /* SampleTableViewCell.xib */; };
		61F42D741C18878700A21677 /* AppDelegate.swift in Sources */ = {isa = PBXBuildFile; fileRef = 61F42D731C18878700A21677 /* AppDelegate.swift */; };
		61F42D7B1C18878700A21677 /* Assets.xcassets in Resources */ = {isa = PBXBuildFile; fileRef = 61F42D7A1C18878700A21677 /* Assets.xcassets */; };
		61F42D7E1C18878700A21677 /* LaunchScreen.storyboard in Resources */ = {isa = PBXBuildFile; fileRef = 61F42D7C1C18878700A21677 /* LaunchScreen.storyboard */; };
		C56317EB1C63589900A8E8BA /* SampleFailingLayoutTestsWithSnapshots.swift in Sources */ = {isa = PBXBuildFile; fileRef = C56317EA1C63589900A8E8BA /* SampleFailingLayoutTestsWithSnapshots.swift */; };
		C56317ED1C6358F800A8E8BA /* SampleFailingView.xib in Resources */ = {isa = PBXBuildFile; fileRef = C56317EC1C6358F800A8E8BA /* SampleFailingView.xib */; };
		C56317EF1C63596400A8E8BA /* SampleFailingView.swift in Sources */ = {isa = PBXBuildFile; fileRef = C56317EE1C63596400A8E8BA /* SampleFailingView.swift */; };
		C5CE8F9E1C621E2500250812 /* SampleTableViewCellLayoutTests.swift in Sources */ = {isa = PBXBuildFile; fileRef = 61A306031C12587100CB3FEC /* SampleTableViewCellLayoutTests.swift */; };
		D97898E6F523B1D363617D5C /* Pods_SampleApp.framework in Frameworks */ = {isa = PBXBuildFile; fileRef = 49E0B3E3C9BA9314690A731D /* Pods_SampleApp.framework */; };
		EEB9EF6EFCC69E40FA489C6A /* Pods_CatalogSample.framework in Frameworks */ = {isa = PBXBuildFile; fileRef = D1F155773901FBBCB6DAAA75 /* Pods_CatalogSample.framework */; };
/* End PBXBuildFile section */

/* Begin PBXContainerItemProxy section */
		61A305F51C12583100CB3FEC /* PBXContainerItemProxy */ = {
			isa = PBXContainerItemProxy;
			containerPortal = 61A305D81C12583100CB3FEC /* Project object */;
			proxyType = 1;
			remoteGlobalIDString = 61A305DF1C12583100CB3FEC;
			remoteInfo = SampleApp;
		};
/* End PBXContainerItemProxy section */

/* Begin PBXFileReference section */
		31D5AE608C90EDC0A3FF524E /* Pods-SampleAppTests.debug.xcconfig */ = {isa = PBXFileReference; includeInIndex = 1; lastKnownFileType = text.xcconfig; name = "Pods-SampleAppTests.debug.xcconfig"; path = "Pods/Target Support Files/Pods-SampleAppTests/Pods-SampleAppTests.debug.xcconfig"; sourceTree = "<group>"; };
		3286EC134DA650410EA6B713 /* Pods-CatalogSample.release.xcconfig */ = {isa = PBXFileReference; includeInIndex = 1; lastKnownFileType = text.xcconfig; name = "Pods-CatalogSample.release.xcconfig"; path = "Pods/Target Support Files/Pods-CatalogSample/Pods-CatalogSample.release.xcconfig"; sourceTree = "<group>"; };
		49E0B3E3C9BA9314690A731D /* Pods_SampleApp.framework */ = {isa = PBXFileReference; explicitFileType = wrapper.framework; includeInIndex = 0; path = Pods_SampleApp.framework; sourceTree = BUILT_PRODUCTS_DIR; };
		515CB4D861431423FB11B475 /* Pods-SampleAppTests.release.xcconfig */ = {isa = PBXFileReference; includeInIndex = 1; lastKnownFileType = text.xcconfig; name = "Pods-SampleAppTests.release.xcconfig"; path = "Pods/Target Support Files/Pods-SampleAppTests/Pods-SampleAppTests.release.xcconfig"; sourceTree = "<group>"; };
		61A305E01C12583100CB3FEC /* SampleApp.app */ = {isa = PBXFileReference; explicitFileType = wrapper.application; includeInIndex = 0; path = SampleApp.app; sourceTree = BUILT_PRODUCTS_DIR; };
		61A305E31C12583100CB3FEC /* AppDelegate.swift */ = {isa = PBXFileReference; lastKnownFileType = sourcecode.swift; path = AppDelegate.swift; sourceTree = "<group>"; };
		61A305EA1C12583100CB3FEC /* Assets.xcassets */ = {isa = PBXFileReference; lastKnownFileType = folder.assetcatalog; path = Assets.xcassets; sourceTree = "<group>"; };
		61A305ED1C12583100CB3FEC /* Base */ = {isa = PBXFileReference; lastKnownFileType = file.storyboard; name = Base; path = Base.lproj/LaunchScreen.storyboard; sourceTree = "<group>"; };
		61A305EF1C12583100CB3FEC /* Info.plist */ = {isa = PBXFileReference; lastKnownFileType = text.plist.xml; path = Info.plist; sourceTree = "<group>"; };
		61A305F41C12583100CB3FEC /* SampleAppTests.xctest */ = {isa = PBXFileReference; explicitFileType = wrapper.cfbundle; includeInIndex = 0; path = SampleAppTests.xctest; sourceTree = BUILT_PRODUCTS_DIR; };
		61A305FA1C12583100CB3FEC /* Info.plist */ = {isa = PBXFileReference; lastKnownFileType = text.plist.xml; path = Info.plist; sourceTree = "<group>"; };
		61A306031C12587100CB3FEC /* SampleTableViewCellLayoutTests.swift */ = {isa = PBXFileReference; fileEncoding = 4; lastKnownFileType = sourcecode.swift; path = SampleTableViewCellLayoutTests.swift; sourceTree = "<group>"; };
		61A306051C12588700CB3FEC /* HomeViewController.swift */ = {isa = PBXFileReference; fileEncoding = 4; lastKnownFileType = sourcecode.swift; path = HomeViewController.swift; sourceTree = "<group>"; };
		61A306061C12588700CB3FEC /* HomeViewController.xib */ = {isa = PBXFileReference; fileEncoding = 4; lastKnownFileType = file.xib; path = HomeViewController.xib; sourceTree = "<group>"; };
		61A306071C12588700CB3FEC /* SampleTableViewCell.swift */ = {isa = PBXFileReference; fileEncoding = 4; lastKnownFileType = sourcecode.swift; path = SampleTableViewCell.swift; sourceTree = "<group>"; };
		61A306081C12588700CB3FEC /* SampleTableViewCell.xib */ = {isa = PBXFileReference; fileEncoding = 4; lastKnownFileType = file.xib; path = SampleTableViewCell.xib; sourceTree = "<group>"; };
		61F42D711C18878700A21677 /* CatalogSample.app */ = {isa = PBXFileReference; explicitFileType = wrapper.application; includeInIndex = 0; path = CatalogSample.app; sourceTree = BUILT_PRODUCTS_DIR; };
		61F42D731C18878700A21677 /* AppDelegate.swift */ = {isa = PBXFileReference; lastKnownFileType = sourcecode.swift; path = AppDelegate.swift; sourceTree = "<group>"; };
		61F42D7A1C18878700A21677 /* Assets.xcassets */ = {isa = PBXFileReference; lastKnownFileType = folder.assetcatalog; path = Assets.xcassets; sourceTree = "<group>"; };
		61F42D7D1C18878700A21677 /* Base */ = {isa = PBXFileReference; lastKnownFileType = file.storyboard; name = Base; path = Base.lproj/LaunchScreen.storyboard; sourceTree = "<group>"; };
		61F42D7F1C18878700A21677 /* Info.plist */ = {isa = PBXFileReference; lastKnownFileType = text.plist.xml; path = Info.plist; sourceTree = "<group>"; };
		72BCC245B867235CDA3964CA /* Pods_SampleAppTests.framework */ = {isa = PBXFileReference; explicitFileType = wrapper.framework; includeInIndex = 0; path = Pods_SampleAppTests.framework; sourceTree = BUILT_PRODUCTS_DIR; };
		95BF252B271F42FED13779F0 /* Pods-SampleApp.debug.xcconfig */ = {isa = PBXFileReference; includeInIndex = 1; lastKnownFileType = text.xcconfig; name = "Pods-SampleApp.debug.xcconfig"; path = "Pods/Target Support Files/Pods-SampleApp/Pods-SampleApp.debug.xcconfig"; sourceTree = "<group>"; };
		BDF8D84587AE6700BCB66093 /* Pods-SampleApp.release.xcconfig */ = {isa = PBXFileReference; includeInIndex = 1; lastKnownFileType = text.xcconfig; name = "Pods-SampleApp.release.xcconfig"; path = "Pods/Target Support Files/Pods-SampleApp/Pods-SampleApp.release.xcconfig"; sourceTree = "<group>"; };
		C56317EA1C63589900A8E8BA /* SampleFailingLayoutTestsWithSnapshots.swift */ = {isa = PBXFileReference; fileEncoding = 4; lastKnownFileType = sourcecode.swift; path = SampleFailingLayoutTestsWithSnapshots.swift; sourceTree = "<group>"; };
		C56317EC1C6358F800A8E8BA /* SampleFailingView.xib */ = {isa = PBXFileReference; fileEncoding = 4; lastKnownFileType = file.xib; path = SampleFailingView.xib; sourceTree = "<group>"; };
		C56317EE1C63596400A8E8BA /* SampleFailingView.swift */ = {isa = PBXFileReference; fileEncoding = 4; lastKnownFileType = sourcecode.swift; path = SampleFailingView.swift; sourceTree = "<group>"; };
		D1F155773901FBBCB6DAAA75 /* Pods_CatalogSample.framework */ = {isa = PBXFileReference; explicitFileType = wrapper.framework; includeInIndex = 0; path = Pods_CatalogSample.framework; sourceTree = BUILT_PRODUCTS_DIR; };
		D884ABB3921A65C3DC12DBEA /* Pods-CatalogSample.debug.xcconfig */ = {isa = PBXFileReference; includeInIndex = 1; lastKnownFileType = text.xcconfig; name = "Pods-CatalogSample.debug.xcconfig"; path = "Pods/Target Support Files/Pods-CatalogSample/Pods-CatalogSample.debug.xcconfig"; sourceTree = "<group>"; };
/* End PBXFileReference section */

/* Begin PBXFrameworksBuildPhase section */
		61A305DD1C12583100CB3FEC /* Frameworks */ = {
			isa = PBXFrameworksBuildPhase;
			buildActionMask = 2147483647;
			files = (
				D97898E6F523B1D363617D5C /* Pods_SampleApp.framework in Frameworks */,
			);
			runOnlyForDeploymentPostprocessing = 0;
		};
		61A305F11C12583100CB3FEC /* Frameworks */ = {
			isa = PBXFrameworksBuildPhase;
			buildActionMask = 2147483647;
			files = (
				0DB6C9A7D4F4C6CD5A97CF04 /* Pods_SampleAppTests.framework in Frameworks */,
			);
			runOnlyForDeploymentPostprocessing = 0;
		};
		61F42D6E1C18878700A21677 /* Frameworks */ = {
			isa = PBXFrameworksBuildPhase;
			buildActionMask = 2147483647;
			files = (
				EEB9EF6EFCC69E40FA489C6A /* Pods_CatalogSample.framework in Frameworks */,
			);
			runOnlyForDeploymentPostprocessing = 0;
		};
/* End PBXFrameworksBuildPhase section */

/* Begin PBXGroup section */
		5E59414415D299A695F77964 /* Pods */ = {
			isa = PBXGroup;
			children = (
				D884ABB3921A65C3DC12DBEA /* Pods-CatalogSample.debug.xcconfig */,
				3286EC134DA650410EA6B713 /* Pods-CatalogSample.release.xcconfig */,
				95BF252B271F42FED13779F0 /* Pods-SampleApp.debug.xcconfig */,
				BDF8D84587AE6700BCB66093 /* Pods-SampleApp.release.xcconfig */,
				31D5AE608C90EDC0A3FF524E /* Pods-SampleAppTests.debug.xcconfig */,
				515CB4D861431423FB11B475 /* Pods-SampleAppTests.release.xcconfig */,
			);
			name = Pods;
			sourceTree = "<group>";
		};
		61A305D71C12583100CB3FEC = {
			isa = PBXGroup;
			children = (
				61A305E21C12583100CB3FEC /* SampleApp */,
				61A305F71C12583100CB3FEC /* SampleAppTests */,
				61F42D721C18878700A21677 /* CatalogSample */,
				61A305E11C12583100CB3FEC /* Products */,
				5E59414415D299A695F77964 /* Pods */,
				76B127B1C79434911965BB38 /* Frameworks */,
			);
			sourceTree = "<group>";
		};
		61A305E11C12583100CB3FEC /* Products */ = {
			isa = PBXGroup;
			children = (
				61A305E01C12583100CB3FEC /* SampleApp.app */,
				61A305F41C12583100CB3FEC /* SampleAppTests.xctest */,
				61F42D711C18878700A21677 /* CatalogSample.app */,
			);
			name = Products;
			sourceTree = "<group>";
		};
		61A305E21C12583100CB3FEC /* SampleApp */ = {
			isa = PBXGroup;
			children = (
				61A305E31C12583100CB3FEC /* AppDelegate.swift */,
				61A306051C12588700CB3FEC /* HomeViewController.swift */,
				61A306061C12588700CB3FEC /* HomeViewController.xib */,
				61A306071C12588700CB3FEC /* SampleTableViewCell.swift */,
				61A306081C12588700CB3FEC /* SampleTableViewCell.xib */,
				61A305EA1C12583100CB3FEC /* Assets.xcassets */,
				61A305EC1C12583100CB3FEC /* LaunchScreen.storyboard */,
				61A305EF1C12583100CB3FEC /* Info.plist */,
				C56317EC1C6358F800A8E8BA /* SampleFailingView.xib */,
				C56317EE1C63596400A8E8BA /* SampleFailingView.swift */,
			);
			path = SampleApp;
			sourceTree = "<group>";
		};
		61A305F71C12583100CB3FEC /* SampleAppTests */ = {
			isa = PBXGroup;
			children = (
				61A306031C12587100CB3FEC /* SampleTableViewCellLayoutTests.swift */,
				61A305FA1C12583100CB3FEC /* Info.plist */,
				C56317EA1C63589900A8E8BA /* SampleFailingLayoutTestsWithSnapshots.swift */,
			);
			path = SampleAppTests;
			sourceTree = "<group>";
		};
		61F42D721C18878700A21677 /* CatalogSample */ = {
			isa = PBXGroup;
			children = (
				61F42D731C18878700A21677 /* AppDelegate.swift */,
				61F42D7A1C18878700A21677 /* Assets.xcassets */,
				61F42D7C1C18878700A21677 /* LaunchScreen.storyboard */,
				61F42D7F1C18878700A21677 /* Info.plist */,
			);
			path = CatalogSample;
			sourceTree = "<group>";
		};
		76B127B1C79434911965BB38 /* Frameworks */ = {
			isa = PBXGroup;
			children = (
				D1F155773901FBBCB6DAAA75 /* Pods_CatalogSample.framework */,
				49E0B3E3C9BA9314690A731D /* Pods_SampleApp.framework */,
				72BCC245B867235CDA3964CA /* Pods_SampleAppTests.framework */,
			);
			name = Frameworks;
			sourceTree = "<group>";
		};
/* End PBXGroup section */

/* Begin PBXNativeTarget section */
		61A305DF1C12583100CB3FEC /* SampleApp */ = {
			isa = PBXNativeTarget;
			buildConfigurationList = 61A305FD1C12583100CB3FEC /* Build configuration list for PBXNativeTarget "SampleApp" */;
			buildPhases = (
				1C30F52F51D63557A8826ADC /* [CP] Check Pods Manifest.lock */,
				61A305DC1C12583100CB3FEC /* Sources */,
				61A305DD1C12583100CB3FEC /* Frameworks */,
				61A305DE1C12583100CB3FEC /* Resources */,
				B2440B858B0C63958354F925 /* [CP] Embed Pods Frameworks */,
				C0A1DC5D06BF8BE6E892711D /* [CP] Copy Pods Resources */,
			);
			buildRules = (
			);
			dependencies = (
			);
			name = SampleApp;
			productName = SampleApp;
			productReference = 61A305E01C12583100CB3FEC /* SampleApp.app */;
			productType = "com.apple.product-type.application";
		};
		61A305F31C12583100CB3FEC /* SampleAppTests */ = {
			isa = PBXNativeTarget;
			buildConfigurationList = 61A306001C12583100CB3FEC /* Build configuration list for PBXNativeTarget "SampleAppTests" */;
			buildPhases = (
				6FA58004C3EF1C52B5AC104E /* [CP] Check Pods Manifest.lock */,
				61A305F01C12583100CB3FEC /* Sources */,
				61A305F11C12583100CB3FEC /* Frameworks */,
				61A305F21C12583100CB3FEC /* Resources */,
				FABCAD918A9AE0163C551C5C /* [CP] Embed Pods Frameworks */,
				709AB81FF777FC530974D9C9 /* [CP] Copy Pods Resources */,
			);
			buildRules = (
			);
			dependencies = (
				61A305F61C12583100CB3FEC /* PBXTargetDependency */,
			);
			name = SampleAppTests;
			productName = SampleAppTests;
			productReference = 61A305F41C12583100CB3FEC /* SampleAppTests.xctest */;
			productType = "com.apple.product-type.bundle.unit-test";
		};
		61F42D701C18878700A21677 /* CatalogSample */ = {
			isa = PBXNativeTarget;
			buildConfigurationList = 61F42D821C18878700A21677 /* Build configuration list for PBXNativeTarget "CatalogSample" */;
			buildPhases = (
				77161723E21316D635A26E14 /* [CP] Check Pods Manifest.lock */,
				61F42D6D1C18878700A21677 /* Sources */,
				61F42D6E1C18878700A21677 /* Frameworks */,
				61F42D6F1C18878700A21677 /* Resources */,
				4013B201C70E8E24A489372C /* [CP] Embed Pods Frameworks */,
				AFAECD7346AF22D95404EFF5 /* [CP] Copy Pods Resources */,
			);
			buildRules = (
			);
			dependencies = (
			);
			name = CatalogSample;
			productName = CatalogSample;
			productReference = 61F42D711C18878700A21677 /* CatalogSample.app */;
			productType = "com.apple.product-type.application";
		};
/* End PBXNativeTarget section */

/* Begin PBXProject section */
		61A305D81C12583100CB3FEC /* Project object */ = {
			isa = PBXProject;
			attributes = {
				LastSwiftUpdateCheck = 0720;
				LastUpgradeCheck = 0800;
				ORGANIZATIONNAME = LinkedIn;
				TargetAttributes = {
					61A305DF1C12583100CB3FEC = {
						CreatedOnToolsVersion = 7.1.1;
						LastSwiftMigration = 0800;
					};
					61A305F31C12583100CB3FEC = {
						CreatedOnToolsVersion = 7.1.1;
						LastSwiftMigration = 0800;
						TestTargetID = 61A305DF1C12583100CB3FEC;
					};
					61F42D701C18878700A21677 = {
						CreatedOnToolsVersion = 7.2;
					};
				};
			};
			buildConfigurationList = 61A305DB1C12583100CB3FEC /* Build configuration list for PBXProject "SampleApp" */;
			compatibilityVersion = "Xcode 3.2";
			developmentRegion = English;
			hasScannedForEncodings = 0;
			knownRegions = (
				en,
				Base,
			);
			mainGroup = 61A305D71C12583100CB3FEC;
			productRefGroup = 61A305E11C12583100CB3FEC /* Products */;
			projectDirPath = "";
			projectRoot = "";
			targets = (
				61A305DF1C12583100CB3FEC /* SampleApp */,
				61A305F31C12583100CB3FEC /* SampleAppTests */,
				61F42D701C18878700A21677 /* CatalogSample */,
			);
		};
/* End PBXProject section */

/* Begin PBXResourcesBuildPhase section */
		61A305DE1C12583100CB3FEC /* Resources */ = {
			isa = PBXResourcesBuildPhase;
			buildActionMask = 2147483647;
			files = (
				61A305EE1C12583100CB3FEC /* LaunchScreen.storyboard in Resources */,
				61A3060C1C12588700CB3FEC /* SampleTableViewCell.xib in Resources */,
				61A305EB1C12583100CB3FEC /* Assets.xcassets in Resources */,
				C56317ED1C6358F800A8E8BA /* SampleFailingView.xib in Resources */,
				61A3060A1C12588700CB3FEC /* HomeViewController.xib in Resources */,
			);
			runOnlyForDeploymentPostprocessing = 0;
		};
		61A305F21C12583100CB3FEC /* Resources */ = {
			isa = PBXResourcesBuildPhase;
			buildActionMask = 2147483647;
			files = (
			);
			runOnlyForDeploymentPostprocessing = 0;
		};
		61F42D6F1C18878700A21677 /* Resources */ = {
			isa = PBXResourcesBuildPhase;
			buildActionMask = 2147483647;
			files = (
				61F42D7E1C18878700A21677 /* LaunchScreen.storyboard in Resources */,
				615044911C1888DD00425AED /* SampleTableViewCell.xib in Resources */,
				61F42D7B1C18878700A21677 /* Assets.xcassets in Resources */,
			);
			runOnlyForDeploymentPostprocessing = 0;
		};
/* End PBXResourcesBuildPhase section */

/* Begin PBXShellScriptBuildPhase section */
		1C30F52F51D63557A8826ADC /* [CP] Check Pods Manifest.lock */ = {
			isa = PBXShellScriptBuildPhase;
			buildActionMask = 2147483647;
			files = (
			);
			inputPaths = (
			);
			name = "[CP] Check Pods Manifest.lock";
			outputPaths = (
			);
			runOnlyForDeploymentPostprocessing = 0;
			shellPath = /bin/sh;
			shellScript = "diff \"${PODS_ROOT}/../Podfile.lock\" \"${PODS_ROOT}/Manifest.lock\" > /dev/null\nif [[ $? != 0 ]] ; then\n    cat << EOM\nerror: The sandbox is not in sync with the Podfile.lock. Run 'pod install' or update your CocoaPods installation.\nEOM\n    exit 1\nfi\n";
			showEnvVarsInLog = 0;
		};
		4013B201C70E8E24A489372C /* [CP] Embed Pods Frameworks */ = {
			isa = PBXShellScriptBuildPhase;
			buildActionMask = 2147483647;
			files = (
			);
			inputPaths = (
			);
			name = "[CP] Embed Pods Frameworks";
			outputPaths = (
			);
			runOnlyForDeploymentPostprocessing = 0;
			shellPath = /bin/sh;
			shellScript = "\"${SRCROOT}/Pods/Target Support Files/Pods-CatalogSample/Pods-CatalogSample-frameworks.sh\"\n";
			showEnvVarsInLog = 0;
		};
		6FA58004C3EF1C52B5AC104E /* [CP] Check Pods Manifest.lock */ = {
			isa = PBXShellScriptBuildPhase;
			buildActionMask = 2147483647;
			files = (
			);
			inputPaths = (
			);
			name = "[CP] Check Pods Manifest.lock";
			outputPaths = (
			);
			runOnlyForDeploymentPostprocessing = 0;
			shellPath = /bin/sh;
			shellScript = "diff \"${PODS_ROOT}/../Podfile.lock\" \"${PODS_ROOT}/Manifest.lock\" > /dev/null\nif [[ $? != 0 ]] ; then\n    cat << EOM\nerror: The sandbox is not in sync with the Podfile.lock. Run 'pod install' or update your CocoaPods installation.\nEOM\n    exit 1\nfi\n";
			showEnvVarsInLog = 0;
		};
		709AB81FF777FC530974D9C9 /* [CP] Copy Pods Resources */ = {
			isa = PBXShellScriptBuildPhase;
			buildActionMask = 2147483647;
			files = (
			);
			inputPaths = (
			);
			name = "[CP] Copy Pods Resources";
			outputPaths = (
			);
			runOnlyForDeploymentPostprocessing = 0;
			shellPath = /bin/sh;
			shellScript = "\"${SRCROOT}/Pods/Target Support Files/Pods-SampleAppTests/Pods-SampleAppTests-resources.sh\"\n";
			showEnvVarsInLog = 0;
		};
		77161723E21316D635A26E14 /* [CP] Check Pods Manifest.lock */ = {
			isa = PBXShellScriptBuildPhase;
			buildActionMask = 2147483647;
			files = (
			);
			inputPaths = (
			);
			name = "[CP] Check Pods Manifest.lock";
			outputPaths = (
			);
			runOnlyForDeploymentPostprocessing = 0;
			shellPath = /bin/sh;
			shellScript = "diff \"${PODS_ROOT}/../Podfile.lock\" \"${PODS_ROOT}/Manifest.lock\" > /dev/null\nif [[ $? != 0 ]] ; then\n    cat << EOM\nerror: The sandbox is not in sync with the Podfile.lock. Run 'pod install' or update your CocoaPods installation.\nEOM\n    exit 1\nfi\n";
			showEnvVarsInLog = 0;
		};
		AFAECD7346AF22D95404EFF5 /* [CP] Copy Pods Resources */ = {
			isa = PBXShellScriptBuildPhase;
			buildActionMask = 2147483647;
			files = (
			);
			inputPaths = (
			);
			name = "[CP] Copy Pods Resources";
			outputPaths = (
			);
			runOnlyForDeploymentPostprocessing = 0;
			shellPath = /bin/sh;
			shellScript = "\"${SRCROOT}/Pods/Target Support Files/Pods-CatalogSample/Pods-CatalogSample-resources.sh\"\n";
			showEnvVarsInLog = 0;
		};
		B2440B858B0C63958354F925 /* [CP] Embed Pods Frameworks */ = {
			isa = PBXShellScriptBuildPhase;
			buildActionMask = 2147483647;
			files = (
			);
			inputPaths = (
			);
			name = "[CP] Embed Pods Frameworks";
			outputPaths = (
			);
			runOnlyForDeploymentPostprocessing = 0;
			shellPath = /bin/sh;
			shellScript = "\"${SRCROOT}/Pods/Target Support Files/Pods-SampleApp/Pods-SampleApp-frameworks.sh\"\n";
			showEnvVarsInLog = 0;
		};
		C0A1DC5D06BF8BE6E892711D /* [CP] Copy Pods Resources */ = {
			isa = PBXShellScriptBuildPhase;
			buildActionMask = 2147483647;
			files = (
			);
			inputPaths = (
			);
			name = "[CP] Copy Pods Resources";
			outputPaths = (
			);
			runOnlyForDeploymentPostprocessing = 0;
			shellPath = /bin/sh;
			shellScript = "\"${SRCROOT}/Pods/Target Support Files/Pods-SampleApp/Pods-SampleApp-resources.sh\"\n";
			showEnvVarsInLog = 0;
		};
		FABCAD918A9AE0163C551C5C /* [CP] Embed Pods Frameworks */ = {
			isa = PBXShellScriptBuildPhase;
			buildActionMask = 2147483647;
			files = (
			);
			inputPaths = (
			);
			name = "[CP] Embed Pods Frameworks";
			outputPaths = (
			);
			runOnlyForDeploymentPostprocessing = 0;
			shellPath = /bin/sh;
			shellScript = "\"${SRCROOT}/Pods/Target Support Files/Pods-SampleAppTests/Pods-SampleAppTests-frameworks.sh\"\n";
			showEnvVarsInLog = 0;
		};
/* End PBXShellScriptBuildPhase section */

/* Begin PBXSourcesBuildPhase section */
		61A305DC1C12583100CB3FEC /* Sources */ = {
			isa = PBXSourcesBuildPhase;
			buildActionMask = 2147483647;
			files = (
				61A3060B1C12588700CB3FEC /* SampleTableViewCell.swift in Sources */,
				C56317EF1C63596400A8E8BA /* SampleFailingView.swift in Sources */,
				61A305E41C12583100CB3FEC /* AppDelegate.swift in Sources */,
				61A306091C12588700CB3FEC /* HomeViewController.swift in Sources */,
			);
			runOnlyForDeploymentPostprocessing = 0;
		};
		61A305F01C12583100CB3FEC /* Sources */ = {
			isa = PBXSourcesBuildPhase;
			buildActionMask = 2147483647;
			files = (
				C56317EB1C63589900A8E8BA /* SampleFailingLayoutTestsWithSnapshots.swift in Sources */,
				C5CE8F9E1C621E2500250812 /* SampleTableViewCellLayoutTests.swift in Sources */,
			);
			runOnlyForDeploymentPostprocessing = 0;
		};
		61F42D6D1C18878700A21677 /* Sources */ = {
			isa = PBXSourcesBuildPhase;
			buildActionMask = 2147483647;
			files = (
				61F42D741C18878700A21677 /* AppDelegate.swift in Sources */,
				615044901C1888DD00425AED /* SampleTableViewCell.swift in Sources */,
			);
			runOnlyForDeploymentPostprocessing = 0;
		};
/* End PBXSourcesBuildPhase section */

/* Begin PBXTargetDependency section */
		61A305F61C12583100CB3FEC /* PBXTargetDependency */ = {
			isa = PBXTargetDependency;
			target = 61A305DF1C12583100CB3FEC /* SampleApp */;
			targetProxy = 61A305F51C12583100CB3FEC /* PBXContainerItemProxy */;
		};
/* End PBXTargetDependency section */

/* Begin PBXVariantGroup section */
		61A305EC1C12583100CB3FEC /* LaunchScreen.storyboard */ = {
			isa = PBXVariantGroup;
			children = (
				61A305ED1C12583100CB3FEC /* Base */,
			);
			name = LaunchScreen.storyboard;
			sourceTree = "<group>";
		};
		61F42D7C1C18878700A21677 /* LaunchScreen.storyboard */ = {
			isa = PBXVariantGroup;
			children = (
				61F42D7D1C18878700A21677 /* Base */,
			);
			name = LaunchScreen.storyboard;
			sourceTree = "<group>";
		};
/* End PBXVariantGroup section */

/* Begin XCBuildConfiguration section */
		61A305FB1C12583100CB3FEC /* Debug */ = {
			isa = XCBuildConfiguration;
			buildSettings = {
				ALWAYS_SEARCH_USER_PATHS = NO;
				CLANG_CXX_LANGUAGE_STANDARD = "gnu++0x";
				CLANG_CXX_LIBRARY = "libc++";
				CLANG_ENABLE_MODULES = YES;
				CLANG_ENABLE_OBJC_ARC = YES;
				CLANG_WARN_BOOL_CONVERSION = YES;
				CLANG_WARN_CONSTANT_CONVERSION = YES;
				CLANG_WARN_DIRECT_OBJC_ISA_USAGE = YES_ERROR;
				CLANG_WARN_EMPTY_BODY = YES;
				CLANG_WARN_ENUM_CONVERSION = YES;
				CLANG_WARN_INFINITE_RECURSION = YES;
				CLANG_WARN_INT_CONVERSION = YES;
				CLANG_WARN_OBJC_ROOT_CLASS = YES_ERROR;
				CLANG_WARN_SUSPICIOUS_MOVE = YES;
				CLANG_WARN_UNREACHABLE_CODE = YES;
				CLANG_WARN__DUPLICATE_METHOD_MATCH = YES;
				"CODE_SIGN_IDENTITY[sdk=iphoneos*]" = "iPhone Developer";
				COPY_PHASE_STRIP = NO;
				DEBUG_INFORMATION_FORMAT = dwarf;
				ENABLE_STRICT_OBJC_MSGSEND = YES;
				ENABLE_TESTABILITY = YES;
				GCC_C_LANGUAGE_STANDARD = gnu99;
				GCC_DYNAMIC_NO_PIC = NO;
				GCC_NO_COMMON_BLOCKS = YES;
				GCC_OPTIMIZATION_LEVEL = 0;
				GCC_PREPROCESSOR_DEFINITIONS = (
					"DEBUG=1",
					"$(inherited)",
				);
				GCC_WARN_64_TO_32_BIT_CONVERSION = YES;
				GCC_WARN_ABOUT_RETURN_TYPE = YES_ERROR;
				GCC_WARN_UNDECLARED_SELECTOR = YES;
				GCC_WARN_UNINITIALIZED_AUTOS = YES_AGGRESSIVE;
				GCC_WARN_UNUSED_FUNCTION = YES;
				GCC_WARN_UNUSED_VARIABLE = YES;
				IPHONEOS_DEPLOYMENT_TARGET = 9.0;
				MTL_ENABLE_DEBUG_INFO = YES;
				ONLY_ACTIVE_ARCH = YES;
				SDKROOT = iphoneos;
				SWIFT_OPTIMIZATION_LEVEL = "-Onone";
			};
			name = Debug;
		};
		61A305FC1C12583100CB3FEC /* Release */ = {
			isa = XCBuildConfiguration;
			buildSettings = {
				ALWAYS_SEARCH_USER_PATHS = NO;
				CLANG_CXX_LANGUAGE_STANDARD = "gnu++0x";
				CLANG_CXX_LIBRARY = "libc++";
				CLANG_ENABLE_MODULES = YES;
				CLANG_ENABLE_OBJC_ARC = YES;
				CLANG_WARN_BOOL_CONVERSION = YES;
				CLANG_WARN_CONSTANT_CONVERSION = YES;
				CLANG_WARN_DIRECT_OBJC_ISA_USAGE = YES_ERROR;
				CLANG_WARN_EMPTY_BODY = YES;
				CLANG_WARN_ENUM_CONVERSION = YES;
				CLANG_WARN_INFINITE_RECURSION = YES;
				CLANG_WARN_INT_CONVERSION = YES;
				CLANG_WARN_OBJC_ROOT_CLASS = YES_ERROR;
				CLANG_WARN_SUSPICIOUS_MOVE = YES;
				CLANG_WARN_UNREACHABLE_CODE = YES;
				CLANG_WARN__DUPLICATE_METHOD_MATCH = YES;
				"CODE_SIGN_IDENTITY[sdk=iphoneos*]" = "iPhone Developer";
				COPY_PHASE_STRIP = NO;
				DEBUG_INFORMATION_FORMAT = "dwarf-with-dsym";
				ENABLE_NS_ASSERTIONS = NO;
				ENABLE_STRICT_OBJC_MSGSEND = YES;
				GCC_C_LANGUAGE_STANDARD = gnu99;
				GCC_NO_COMMON_BLOCKS = YES;
				GCC_WARN_64_TO_32_BIT_CONVERSION = YES;
				GCC_WARN_ABOUT_RETURN_TYPE = YES_ERROR;
				GCC_WARN_UNDECLARED_SELECTOR = YES;
				GCC_WARN_UNINITIALIZED_AUTOS = YES_AGGRESSIVE;
				GCC_WARN_UNUSED_FUNCTION = YES;
				GCC_WARN_UNUSED_VARIABLE = YES;
				IPHONEOS_DEPLOYMENT_TARGET = 9.0;
				MTL_ENABLE_DEBUG_INFO = NO;
				SDKROOT = iphoneos;
				SWIFT_OPTIMIZATION_LEVEL = "-Owholemodule";
				VALIDATE_PRODUCT = YES;
			};
			name = Release;
		};
		61A305FE1C12583100CB3FEC /* Debug */ = {
			isa = XCBuildConfiguration;
			baseConfigurationReference = 95BF252B271F42FED13779F0 /* Pods-SampleApp.debug.xcconfig */;
			buildSettings = {
				ASSETCATALOG_COMPILER_APPICON_NAME = AppIcon;
				INFOPLIST_FILE = SampleApp/Info.plist;
				IPHONEOS_DEPLOYMENT_TARGET = 8.0;
				LD_RUNPATH_SEARCH_PATHS = "$(inherited) @executable_path/Frameworks";
				PRODUCT_BUNDLE_IDENTIFIER = LinkedIn.SampleApp;
				PRODUCT_NAME = "$(TARGET_NAME)";
				SWIFT_VERSION = 2.3;
			};
			name = Debug;
		};
		61A305FF1C12583100CB3FEC /* Release */ = {
			isa = XCBuildConfiguration;
			baseConfigurationReference = BDF8D84587AE6700BCB66093 /* Pods-SampleApp.release.xcconfig */;
			buildSettings = {
				ASSETCATALOG_COMPILER_APPICON_NAME = AppIcon;
				INFOPLIST_FILE = SampleApp/Info.plist;
				IPHONEOS_DEPLOYMENT_TARGET = 8.0;
				LD_RUNPATH_SEARCH_PATHS = "$(inherited) @executable_path/Frameworks";
				PRODUCT_BUNDLE_IDENTIFIER = LinkedIn.SampleApp;
				PRODUCT_NAME = "$(TARGET_NAME)";
				SWIFT_VERSION = 2.3;
			};
			name = Release;
		};
		61A306011C12583100CB3FEC /* Debug */ = {
			isa = XCBuildConfiguration;
			baseConfigurationReference = 31D5AE608C90EDC0A3FF524E /* Pods-SampleAppTests.debug.xcconfig */;
			buildSettings = {
				ALWAYS_EMBED_SWIFT_STANDARD_LIBRARIES = YES;
				BUNDLE_LOADER = "$(TEST_HOST)";
				INFOPLIST_FILE = SampleAppTests/Info.plist;
				LD_RUNPATH_SEARCH_PATHS = "$(inherited) @executable_path/Frameworks @loader_path/Frameworks";
				PRODUCT_BUNDLE_IDENTIFIER = LinkedIn.SampleAppTests;
				PRODUCT_NAME = "$(TARGET_NAME)";
				SWIFT_VERSION = 2.3;
				TEST_HOST = "$(BUILT_PRODUCTS_DIR)/SampleApp.app/SampleApp";
			};
			name = Debug;
		};
		61A306021C12583100CB3FEC /* Release */ = {
			isa = XCBuildConfiguration;
			baseConfigurationReference = 515CB4D861431423FB11B475 /* Pods-SampleAppTests.release.xcconfig */;
			buildSettings = {
				ALWAYS_EMBED_SWIFT_STANDARD_LIBRARIES = YES;
				BUNDLE_LOADER = "$(TEST_HOST)";
				INFOPLIST_FILE = SampleAppTests/Info.plist;
				LD_RUNPATH_SEARCH_PATHS = "$(inherited) @executable_path/Frameworks @loader_path/Frameworks";
				PRODUCT_BUNDLE_IDENTIFIER = LinkedIn.SampleAppTests;
				PRODUCT_NAME = "$(TARGET_NAME)";
				SWIFT_VERSION = 2.3;
				TEST_HOST = "$(BUILT_PRODUCTS_DIR)/SampleApp.app/SampleApp";
			};
			name = Release;
		};
		61F42D801C18878700A21677 /* Debug */ = {
			isa = XCBuildConfiguration;
			baseConfigurationReference = D884ABB3921A65C3DC12DBEA /* Pods-CatalogSample.debug.xcconfig */;
			buildSettings = {
				ASSETCATALOG_COMPILER_APPICON_NAME = AppIcon;
				INFOPLIST_FILE = CatalogSample/Info.plist;
				IPHONEOS_DEPLOYMENT_TARGET = 8.0;
				LD_RUNPATH_SEARCH_PATHS = "$(inherited) @executable_path/Frameworks";
				PRODUCT_BUNDLE_IDENTIFIER = LinkedIn.CatalogSample;
				PRODUCT_NAME = "$(TARGET_NAME)";
			};
			name = Debug;
		};
		61F42D811C18878700A21677 /* Release */ = {
			isa = XCBuildConfiguration;
			baseConfigurationReference = 3286EC134DA650410EA6B713 /* Pods-CatalogSample.release.xcconfig */;
			buildSettings = {
				ASSETCATALOG_COMPILER_APPICON_NAME = AppIcon;
				INFOPLIST_FILE = CatalogSample/Info.plist;
				IPHONEOS_DEPLOYMENT_TARGET = 8.0;
				LD_RUNPATH_SEARCH_PATHS = "$(inherited) @executable_path/Frameworks";
				PRODUCT_BUNDLE_IDENTIFIER = LinkedIn.CatalogSample;
				PRODUCT_NAME = "$(TARGET_NAME)";
			};
			name = Release;
		};
/* End XCBuildConfiguration section */

/* Begin XCConfigurationList section */
		61A305DB1C12583100CB3FEC /* Build configuration list for PBXProject "SampleApp" */ = {
			isa = XCConfigurationList;
			buildConfigurations = (
				61A305FB1C12583100CB3FEC /* Debug */,
				61A305FC1C12583100CB3FEC /* Release */,
			);
			defaultConfigurationIsVisible = 0;
			defaultConfigurationName = Release;
		};
		61A305FD1C12583100CB3FEC /* Build configuration list for PBXNativeTarget "SampleApp" */ = {
			isa = XCConfigurationList;
			buildConfigurations = (
				61A305FE1C12583100CB3FEC /* Debug */,
				61A305FF1C12583100CB3FEC /* Release */,
			);
			defaultConfigurationIsVisible = 0;
			defaultConfigurationName = Release;
		};
		61A306001C12583100CB3FEC /* Build configuration list for PBXNativeTarget "SampleAppTests" */ = {
			isa = XCConfigurationList;
			buildConfigurations = (
				61A306011C12583100CB3FEC /* Debug */,
				61A306021C12583100CB3FEC /* Release */,
			);
			defaultConfigurationIsVisible = 0;
			defaultConfigurationName = Release;
		};
		61F42D821C18878700A21677 /* Build configuration list for PBXNativeTarget "CatalogSample" */ = {
			isa = XCConfigurationList;
			buildConfigurations = (
				61F42D801C18878700A21677 /* Debug */,
				61F42D811C18878700A21677 /* Release */,
			);
			defaultConfigurationIsVisible = 0;
			defaultConfigurationName = Release;
		};
/* End XCConfigurationList section */
	};
	rootObject = 61A305D81C12583100CB3FEC /* Project object */;
}
