// !$*UTF8*$!
{
	archiveVersion = 1;
	classes = {
	};
	objectVersion = 54;
	objects = {

/* Begin PBXBuildFile section */
		615044901C1888DD00425AED /* SampleTableViewCell.swift in Sources */ = {isa = PBXBuildFile; fileRef = 61A306071C12588700CB3FEC /* SampleTableViewCell.swift */; };
		615044911C1888DD00425AED /* SampleTableViewCell.xib in Resources */ = {isa = PBXBuildFile; fileRef = 61A306081C12588700CB3FEC /* SampleTableViewCell.xib */; };
		61A305E41C12583100CB3FEC /* AppDelegate.swift in Sources */ = {isa = PBXBuildFile; fileRef = 61A305E31C12583100CB3FEC /* AppDelegate.swift */; };
		61A305EB1C12583100CB3FEC /* Assets.xcassets in Resources */ = {isa = PBXBuildFile; fileRef = 61A305EA1C12583100CB3FEC /* Assets.xcassets */; };
		61A305EE1C12583100CB3FEC /* LaunchScreen.storyboard in Resources */ = {isa = PBXBuildFile; fileRef = 61A305EC1C12583100CB3FEC /* LaunchScreen.storyboard */; };
		61A306091C12588700CB3FEC /* HomeViewController.swift in Sources */ = {isa = PBXBuildFile; fileRef = 61A306051C12588700CB3FEC /* HomeViewController.swift */; };
		61A3060A1C12588700CB3FEC /* HomeViewController.xib in Resources */ = {isa = PBXBuildFile; fileRef = 61A306061C12588700CB3FEC /* HomeViewController.xib */; };
		61A3060B1C12588700CB3FEC /* SampleTableViewCell.swift in Sources */ = {isa = PBXBuildFile; fileRef = 61A306071C12588700CB3FEC /* SampleTableViewCell.swift */; };
		61A3060C1C12588700CB3FEC /* SampleTableViewCell.xib in Resources */ = {isa = PBXBuildFile; fileRef = 61A306081C12588700CB3FEC /* SampleTableViewCell.xib */; };
		61F42D741C18878700A21677 /* AppDelegate.swift in Sources */ = {isa = PBXBuildFile; fileRef = 61F42D731C18878700A21677 /* AppDelegate.swift */; };
		61F42D7B1C18878700A21677 /* Assets.xcassets in Resources */ = {isa = PBXBuildFile; fileRef = 61F42D7A1C18878700A21677 /* Assets.xcassets */; };
		61F42D7E1C18878700A21677 /* LaunchScreen.storyboard in Resources */ = {isa = PBXBuildFile; fileRef = 61F42D7C1C18878700A21677 /* LaunchScreen.storyboard */; };
		B3327D1A2E70C0085AF78915 /* Pods_SampleAppTests.framework in Frameworks */ = {isa = PBXBuildFile; fileRef = 6F5FF8FA3E4A3C22BB6B9D3B /* Pods_SampleAppTests.framework */; };
		C56317EB1C63589900A8E8BA /* SampleFailingLayoutTestsWithSnapshots.swift in Sources */ = {isa = PBXBuildFile; fileRef = C56317EA1C63589900A8E8BA /* SampleFailingLayoutTestsWithSnapshots.swift */; };
		C56317ED1C6358F800A8E8BA /* SampleFailingView.xib in Resources */ = {isa = PBXBuildFile; fileRef = C56317EC1C6358F800A8E8BA /* SampleFailingView.xib */; };
		C56317EF1C63596400A8E8BA /* SampleFailingView.swift in Sources */ = {isa = PBXBuildFile; fileRef = C56317EE1C63596400A8E8BA /* SampleFailingView.swift */; };
		C5CE8F9E1C621E2500250812 /* SampleTableViewCellLayoutTests.swift in Sources */ = {isa = PBXBuildFile; fileRef = 61A306031C12587100CB3FEC /* SampleTableViewCellLayoutTests.swift */; };
		E3C88D38D18807599634AE53 /* Pods_SampleApp.framework in Frameworks */ = {isa = PBXBuildFile; fileRef = B288B8DEF393FC0135098BC9 /* Pods_SampleApp.framework */; };
		EACCB8507D4B7132B1155CBD /* Pods_CatalogSample.framework in Frameworks */ = {isa = PBXBuildFile; fileRef = 7FB393B6A302FE7013BCB131 /* Pods_CatalogSample.framework */; };
/* End PBXBuildFile section */

/* Begin PBXContainerItemProxy section */
		61A305F51C12583100CB3FEC /* PBXContainerItemProxy */ = {
			isa = PBXContainerItemProxy;
			containerPortal = 61A305D81C12583100CB3FEC /* Project object */;
			proxyType = 1;
			remoteGlobalIDString = 61A305DF1C12583100CB3FEC;
			remoteInfo = SampleApp;
		};
/* End PBXContainerItemProxy section */

/* Begin PBXFileReference section */
		11C2CB3BF1CA2ADA5D9CA3B7 /* Pods-SampleAppTests.release.xcconfig */ = {isa = PBXFileReference; includeInIndex = 1; lastKnownFileType = text.xcconfig; name = "Pods-SampleAppTests.release.xcconfig"; path = "Target Support Files/Pods-SampleAppTests/Pods-SampleAppTests.release.xcconfig"; sourceTree = "<group>"; };
		61A305E01C12583100CB3FEC /* SampleApp.app */ = {isa = PBXFileReference; explicitFileType = wrapper.application; includeInIndex = 0; path = SampleApp.app; sourceTree = BUILT_PRODUCTS_DIR; };
		61A305E31C12583100CB3FEC /* AppDelegate.swift */ = {isa = PBXFileReference; lastKnownFileType = sourcecode.swift; path = AppDelegate.swift; sourceTree = "<group>"; };
		61A305EA1C12583100CB3FEC /* Assets.xcassets */ = {isa = PBXFileReference; lastKnownFileType = folder.assetcatalog; path = Assets.xcassets; sourceTree = "<group>"; };
		61A305ED1C12583100CB3FEC /* Base */ = {isa = PBXFileReference; lastKnownFileType = file.storyboard; name = Base; path = Base.lproj/LaunchScreen.storyboard; sourceTree = "<group>"; };
		61A305EF1C12583100CB3FEC /* Info.plist */ = {isa = PBXFileReference; lastKnownFileType = text.plist.xml; path = Info.plist; sourceTree = "<group>"; };
		61A305F41C12583100CB3FEC /* SampleAppTests.xctest */ = {isa = PBXFileReference; explicitFileType = wrapper.cfbundle; includeInIndex = 0; path = SampleAppTests.xctest; sourceTree = BUILT_PRODUCTS_DIR; };
		61A305FA1C12583100CB3FEC /* Info.plist */ = {isa = PBXFileReference; lastKnownFileType = text.plist.xml; path = Info.plist; sourceTree = "<group>"; };
		61A306031C12587100CB3FEC /* SampleTableViewCellLayoutTests.swift */ = {isa = PBXFileReference; fileEncoding = 4; lastKnownFileType = sourcecode.swift; path = SampleTableViewCellLayoutTests.swift; sourceTree = "<group>"; };
		61A306051C12588700CB3FEC /* HomeViewController.swift */ = {isa = PBXFileReference; fileEncoding = 4; lastKnownFileType = sourcecode.swift; path = HomeViewController.swift; sourceTree = "<group>"; };
		61A306061C12588700CB3FEC /* HomeViewController.xib */ = {isa = PBXFileReference; fileEncoding = 4; lastKnownFileType = file.xib; path = HomeViewController.xib; sourceTree = "<group>"; };
		61A306071C12588700CB3FEC /* SampleTableViewCell.swift */ = {isa = PBXFileReference; fileEncoding = 4; lastKnownFileType = sourcecode.swift; path = SampleTableViewCell.swift; sourceTree = "<group>"; };
		61A306081C12588700CB3FEC /* SampleTableViewCell.xib */ = {isa = PBXFileReference; fileEncoding = 4; lastKnownFileType = file.xib; path = SampleTableViewCell.xib; sourceTree = "<group>"; };
		61F42D711C18878700A21677 /* CatalogSample.app */ = {isa = PBXFileReference; explicitFileType = wrapper.application; includeInIndex = 0; path = CatalogSample.app; sourceTree = BUILT_PRODUCTS_DIR; };
		61F42D731C18878700A21677 /* AppDelegate.swift */ = {isa = PBXFileReference; lastKnownFileType = sourcecode.swift; path = AppDelegate.swift; sourceTree = "<group>"; };
		61F42D7A1C18878700A21677 /* Assets.xcassets */ = {isa = PBXFileReference; lastKnownFileType = folder.assetcatalog; path = Assets.xcassets; sourceTree = "<group>"; };
		61F42D7D1C18878700A21677 /* Base */ = {isa = PBXFileReference; lastKnownFileType = file.storyboard; name = Base; path = Base.lproj/LaunchScreen.storyboard; sourceTree = "<group>"; };
		61F42D7F1C18878700A21677 /* Info.plist */ = {isa = PBXFileReference; lastKnownFileType = text.plist.xml; path = Info.plist; sourceTree = "<group>"; };
		6F5FF8FA3E4A3C22BB6B9D3B /* Pods_SampleAppTests.framework */ = {isa = PBXFileReference; explicitFileType = wrapper.framework; includeInIndex = 0; path = Pods_SampleAppTests.framework; sourceTree = BUILT_PRODUCTS_DIR; };
		7FB393B6A302FE7013BCB131 /* Pods_CatalogSample.framework */ = {isa = PBXFileReference; explicitFileType = wrapper.framework; includeInIndex = 0; path = Pods_CatalogSample.framework; sourceTree = BUILT_PRODUCTS_DIR; };
		B288B8DEF393FC0135098BC9 /* Pods_SampleApp.framework */ = {isa = PBXFileReference; explicitFileType = wrapper.framework; includeInIndex = 0; path = Pods_SampleApp.framework; sourceTree = BUILT_PRODUCTS_DIR; };
		B938E1BE7D5DC70469F3C61B /* Pods-CatalogSample.debug.xcconfig */ = {isa = PBXFileReference; includeInIndex = 1; lastKnownFileType = text.xcconfig; name = "Pods-CatalogSample.debug.xcconfig"; path = "Target Support Files/Pods-CatalogSample/Pods-CatalogSample.debug.xcconfig"; sourceTree = "<group>"; };
		C56317EA1C63589900A8E8BA /* SampleFailingLayoutTestsWithSnapshots.swift */ = {isa = PBXFileReference; fileEncoding = 4; lastKnownFileType = sourcecode.swift; path = SampleFailingLayoutTestsWithSnapshots.swift; sourceTree = "<group>"; };
		C56317EC1C6358F800A8E8BA /* SampleFailingView.xib */ = {isa = PBXFileReference; fileEncoding = 4; lastKnownFileType = file.xib; path = SampleFailingView.xib; sourceTree = "<group>"; };
		C56317EE1C63596400A8E8BA /* SampleFailingView.swift */ = {isa = PBXFileReference; fileEncoding = 4; lastKnownFileType = sourcecode.swift; path = SampleFailingView.swift; sourceTree = "<group>"; };
		D5FA108187CDB95EBC7F7BEC /* Pods-CatalogSample.release.xcconfig */ = {isa = PBXFileReference; includeInIndex = 1; lastKnownFileType = text.xcconfig; name = "Pods-CatalogSample.release.xcconfig"; path = "Target Support Files/Pods-CatalogSample/Pods-CatalogSample.release.xcconfig"; sourceTree = "<group>"; };
		DFF1119AC9A14845CAC1EB47 /* Pods-SampleApp.debug.xcconfig */ = {isa = PBXFileReference; includeInIndex = 1; lastKnownFileType = text.xcconfig; name = "Pods-SampleApp.debug.xcconfig"; path = "Target Support Files/Pods-SampleApp/Pods-SampleApp.debug.xcconfig"; sourceTree = "<group>"; };
		FA10D4097E58DFE0D9C3BD0D /* Pods-SampleAppTests.debug.xcconfig */ = {isa = PBXFileReference; includeInIndex = 1; lastKnownFileType = text.xcconfig; name = "Pods-SampleAppTests.debug.xcconfig"; path = "Target Support Files/Pods-SampleAppTests/Pods-SampleAppTests.debug.xcconfig"; sourceTree = "<group>"; };
		FFD6A9331E561F8CA15351BD /* Pods-SampleApp.release.xcconfig */ = {isa = PBXFileReference; includeInIndex = 1; lastKnownFileType = text.xcconfig; name = "Pods-SampleApp.release.xcconfig"; path = "Target Support Files/Pods-SampleApp/Pods-SampleApp.release.xcconfig"; sourceTree = "<group>"; };
/* End PBXFileReference section */

/* Begin PBXFrameworksBuildPhase section */
		61A305DD1C12583100CB3FEC /* Frameworks */ = {
			isa = PBXFrameworksBuildPhase;
			buildActionMask = 2147483647;
			files = (
				E3C88D38D18807599634AE53 /* Pods_SampleApp.framework in Frameworks */,
			);
			runOnlyForDeploymentPostprocessing = 0;
		};
		61A305F11C12583100CB3FEC /* Frameworks */ = {
			isa = PBXFrameworksBuildPhase;
			buildActionMask = 2147483647;
			files = (
				B3327D1A2E70C0085AF78915 /* Pods_SampleAppTests.framework in Frameworks */,
			);
			runOnlyForDeploymentPostprocessing = 0;
		};
		61F42D6E1C18878700A21677 /* Frameworks */ = {
			isa = PBXFrameworksBuildPhase;
			buildActionMask = 2147483647;
			files = (
				EACCB8507D4B7132B1155CBD /* Pods_CatalogSample.framework in Frameworks */,
			);
			runOnlyForDeploymentPostprocessing = 0;
		};
/* End PBXFrameworksBuildPhase section */

/* Begin PBXGroup section */
		2D9DC2B91AA89E86F6B55BDE /* Pods */ = {
			isa = PBXGroup;
			children = (
				B938E1BE7D5DC70469F3C61B /* Pods-CatalogSample.debug.xcconfig */,
				D5FA108187CDB95EBC7F7BEC /* Pods-CatalogSample.release.xcconfig */,
				DFF1119AC9A14845CAC1EB47 /* Pods-SampleApp.debug.xcconfig */,
				FFD6A9331E561F8CA15351BD /* Pods-SampleApp.release.xcconfig */,
				FA10D4097E58DFE0D9C3BD0D /* Pods-SampleAppTests.debug.xcconfig */,
				11C2CB3BF1CA2ADA5D9CA3B7 /* Pods-SampleAppTests.release.xcconfig */,
			);
			path = Pods;
			sourceTree = "<group>";
		};
		61A305D71C12583100CB3FEC = {
			isa = PBXGroup;
			children = (
				61A305E21C12583100CB3FEC /* SampleApp */,
				61A305F71C12583100CB3FEC /* SampleAppTests */,
				61F42D721C18878700A21677 /* CatalogSample */,
				61A305E11C12583100CB3FEC /* Products */,
				2D9DC2B91AA89E86F6B55BDE /* Pods */,
				AB913BE95EB4D57F936905C0 /* Frameworks */,
			);
			sourceTree = "<group>";
		};
		61A305E11C12583100CB3FEC /* Products */ = {
			isa = PBXGroup;
			children = (
				61A305E01C12583100CB3FEC /* SampleApp.app */,
				61A305F41C12583100CB3FEC /* SampleAppTests.xctest */,
				61F42D711C18878700A21677 /* CatalogSample.app */,
			);
			name = Products;
			sourceTree = "<group>";
		};
		61A305E21C12583100CB3FEC /* SampleApp */ = {
			isa = PBXGroup;
			children = (
				61A305E31C12583100CB3FEC /* AppDelegate.swift */,
				61A306051C12588700CB3FEC /* HomeViewController.swift */,
				61A306061C12588700CB3FEC /* HomeViewController.xib */,
				61A306071C12588700CB3FEC /* SampleTableViewCell.swift */,
				61A306081C12588700CB3FEC /* SampleTableViewCell.xib */,
				61A305EA1C12583100CB3FEC /* Assets.xcassets */,
				61A305EC1C12583100CB3FEC /* LaunchScreen.storyboard */,
				61A305EF1C12583100CB3FEC /* Info.plist */,
				C56317EC1C6358F800A8E8BA /* SampleFailingView.xib */,
				C56317EE1C63596400A8E8BA /* SampleFailingView.swift */,
			);
			path = SampleApp;
			sourceTree = "<group>";
		};
		61A305F71C12583100CB3FEC /* SampleAppTests */ = {
			isa = PBXGroup;
			children = (
				61A306031C12587100CB3FEC /* SampleTableViewCellLayoutTests.swift */,
				61A305FA1C12583100CB3FEC /* Info.plist */,
				C56317EA1C63589900A8E8BA /* SampleFailingLayoutTestsWithSnapshots.swift */,
			);
			path = SampleAppTests;
			sourceTree = "<group>";
		};
		61F42D721C18878700A21677 /* CatalogSample */ = {
			isa = PBXGroup;
			children = (
				61F42D731C18878700A21677 /* AppDelegate.swift */,
				61F42D7A1C18878700A21677 /* Assets.xcassets */,
				61F42D7C1C18878700A21677 /* LaunchScreen.storyboard */,
				61F42D7F1C18878700A21677 /* Info.plist */,
			);
			path = CatalogSample;
			sourceTree = "<group>";
		};
		AB913BE95EB4D57F936905C0 /* Frameworks */ = {
			isa = PBXGroup;
			children = (
				7FB393B6A302FE7013BCB131 /* Pods_CatalogSample.framework */,
				B288B8DEF393FC0135098BC9 /* Pods_SampleApp.framework */,
				6F5FF8FA3E4A3C22BB6B9D3B /* Pods_SampleAppTests.framework */,
			);
			name = Frameworks;
			sourceTree = "<group>";
		};
/* End PBXGroup section */

/* Begin PBXNativeTarget section */
		61A305DF1C12583100CB3FEC /* SampleApp */ = {
			isa = PBXNativeTarget;
			buildConfigurationList = 61A305FD1C12583100CB3FEC /* Build configuration list for PBXNativeTarget "SampleApp" */;
			buildPhases = (
				6DDAAF5E1F395EB4C94B9AE0 /* [CP] Check Pods Manifest.lock */,
				61A305DC1C12583100CB3FEC /* Sources */,
				61A305DD1C12583100CB3FEC /* Frameworks */,
				61A305DE1C12583100CB3FEC /* Resources */,
				987AA5667213215E9730C969 /* [CP] Embed Pods Frameworks */,
			);
			buildRules = (
			);
			dependencies = (
			);
			name = SampleApp;
			productName = SampleApp;
			productReference = 61A305E01C12583100CB3FEC /* SampleApp.app */;
			productType = "com.apple.product-type.application";
		};
		61A305F31C12583100CB3FEC /* SampleAppTests */ = {
			isa = PBXNativeTarget;
			buildConfigurationList = 61A306001C12583100CB3FEC /* Build configuration list for PBXNativeTarget "SampleAppTests" */;
			buildPhases = (
				6B4A991E8A015816FDFA4D68 /* [CP] Check Pods Manifest.lock */,
				61A305F01C12583100CB3FEC /* Sources */,
				61A305F11C12583100CB3FEC /* Frameworks */,
				61A305F21C12583100CB3FEC /* Resources */,
				898A387C319558CBE2F95CD9 /* [CP] Embed Pods Frameworks */,
			);
			buildRules = (
			);
			dependencies = (
				61A305F61C12583100CB3FEC /* PBXTargetDependency */,
			);
			name = SampleAppTests;
			productName = SampleAppTests;
			productReference = 61A305F41C12583100CB3FEC /* SampleAppTests.xctest */;
			productType = "com.apple.product-type.bundle.unit-test";
		};
		61F42D701C18878700A21677 /* CatalogSample */ = {
			isa = PBXNativeTarget;
			buildConfigurationList = 61F42D821C18878700A21677 /* Build configuration list for PBXNativeTarget "CatalogSample" */;
			buildPhases = (
				2D668C71236731353CBE5AF9 /* [CP] Check Pods Manifest.lock */,
				61F42D6D1C18878700A21677 /* Sources */,
				61F42D6E1C18878700A21677 /* Frameworks */,
				61F42D6F1C18878700A21677 /* Resources */,
				FCB4C2FE67A6C8B8CDB6D496 /* [CP] Embed Pods Frameworks */,
			);
			buildRules = (
			);
			dependencies = (
			);
			name = CatalogSample;
			productName = CatalogSample;
			productReference = 61F42D711C18878700A21677 /* CatalogSample.app */;
			productType = "com.apple.product-type.application";
		};
/* End PBXNativeTarget section */

/* Begin PBXProject section */
		61A305D81C12583100CB3FEC /* Project object */ = {
			isa = PBXProject;
			attributes = {
				BuildIndependentTargetsInParallel = YES;
				LastSwiftUpdateCheck = 0720;
				LastUpgradeCheck = 1540;
				ORGANIZATIONNAME = LinkedIn;
				TargetAttributes = {
					61A305DF1C12583100CB3FEC = {
						CreatedOnToolsVersion = 7.1.1;
						LastSwiftMigration = 0800;
					};
					61A305F31C12583100CB3FEC = {
						CreatedOnToolsVersion = 7.1.1;
						LastSwiftMigration = 0800;
						TestTargetID = 61A305DF1C12583100CB3FEC;
					};
					61F42D701C18878700A21677 = {
						CreatedOnToolsVersion = 7.2;
						LastSwiftMigration = 0800;
					};
				};
			};
			buildConfigurationList = 61A305DB1C12583100CB3FEC /* Build configuration list for PBXProject "SampleApp" */;
			compatibilityVersion = "Xcode 3.2";
			developmentRegion = en;
			hasScannedForEncodings = 0;
			knownRegions = (
				en,
				Base,
			);
			mainGroup = 61A305D71C12583100CB3FEC;
			productRefGroup = 61A305E11C12583100CB3FEC /* Products */;
			projectDirPath = "";
			projectRoot = "";
			targets = (
				61A305DF1C12583100CB3FEC /* SampleApp */,
				61A305F31C12583100CB3FEC /* SampleAppTests */,
				61F42D701C18878700A21677 /* CatalogSample */,
			);
		};
/* End PBXProject section */

/* Begin PBXResourcesBuildPhase section */
		61A305DE1C12583100CB3FEC /* Resources */ = {
			isa = PBXResourcesBuildPhase;
			buildActionMask = 2147483647;
			files = (
				61A305EE1C12583100CB3FEC /* LaunchScreen.storyboard in Resources */,
				61A3060C1C12588700CB3FEC /* SampleTableViewCell.xib in Resources */,
				61A305EB1C12583100CB3FEC /* Assets.xcassets in Resources */,
				C56317ED1C6358F800A8E8BA /* SampleFailingView.xib in Resources */,
				61A3060A1C12588700CB3FEC /* HomeViewController.xib in Resources */,
			);
			runOnlyForDeploymentPostprocessing = 0;
		};
		61A305F21C12583100CB3FEC /* Resources */ = {
			isa = PBXResourcesBuildPhase;
			buildActionMask = 2147483647;
			files = (
			);
			runOnlyForDeploymentPostprocessing = 0;
		};
		61F42D6F1C18878700A21677 /* Resources */ = {
			isa = PBXResourcesBuildPhase;
			buildActionMask = 2147483647;
			files = (
				61F42D7E1C18878700A21677 /* LaunchScreen.storyboard in Resources */,
				615044911C1888DD00425AED /* SampleTableViewCell.xib in Resources */,
				61F42D7B1C18878700A21677 /* Assets.xcassets in Resources */,
			);
			runOnlyForDeploymentPostprocessing = 0;
		};
/* End PBXResourcesBuildPhase section */

/* Begin PBXShellScriptBuildPhase section */
		2D668C71236731353CBE5AF9 /* [CP] Check Pods Manifest.lock */ = {
			isa = PBXShellScriptBuildPhase;
			buildActionMask = 2147483647;
			files = (
			);
			inputFileListPaths = (
			);
			inputPaths = (
				"${PODS_PODFILE_DIR_PATH}/Podfile.lock",
				"${PODS_ROOT}/Manifest.lock",
			);
			name = "[CP] Check Pods Manifest.lock";
			outputFileListPaths = (
			);
			outputPaths = (
				"$(DERIVED_FILE_DIR)/Pods-CatalogSample-checkManifestLockResult.txt",
			);
			runOnlyForDeploymentPostprocessing = 0;
			shellPath = /bin/sh;
			shellScript = "diff \"${PODS_PODFILE_DIR_PATH}/Podfile.lock\" \"${PODS_ROOT}/Manifest.lock\" > /dev/null\nif [ $? != 0 ] ; then\n    # print error to STDERR\n    echo \"error: The sandbox is not in sync with the Podfile.lock. Run 'pod install' or update your CocoaPods installation.\" >&2\n    exit 1\nfi\n# This output is used by Xcode 'outputs' to avoid re-running this script phase.\necho \"SUCCESS\" > \"${SCRIPT_OUTPUT_FILE_0}\"\n";
			showEnvVarsInLog = 0;
		};
		6B4A991E8A015816FDFA4D68 /* [CP] Check Pods Manifest.lock */ = {
			isa = PBXShellScriptBuildPhase;
			buildActionMask = 2147483647;
			files = (
			);
			inputFileListPaths = (
			);
			inputPaths = (
				"${PODS_PODFILE_DIR_PATH}/Podfile.lock",
				"${PODS_ROOT}/Manifest.lock",
			);
			name = "[CP] Check Pods Manifest.lock";
			outputFileListPaths = (
			);
			outputPaths = (
				"$(DERIVED_FILE_DIR)/Pods-SampleAppTests-checkManifestLockResult.txt",
			);
			runOnlyForDeploymentPostprocessing = 0;
			shellPath = /bin/sh;
			shellScript = "diff \"${PODS_PODFILE_DIR_PATH}/Podfile.lock\" \"${PODS_ROOT}/Manifest.lock\" > /dev/null\nif [ $? != 0 ] ; then\n    # print error to STDERR\n    echo \"error: The sandbox is not in sync with the Podfile.lock. Run 'pod install' or update your CocoaPods installation.\" >&2\n    exit 1\nfi\n# This output is used by Xcode 'outputs' to avoid re-running this script phase.\necho \"SUCCESS\" > \"${SCRIPT_OUTPUT_FILE_0}\"\n";
			showEnvVarsInLog = 0;
		};
		6DDAAF5E1F395EB4C94B9AE0 /* [CP] Check Pods Manifest.lock */ = {
			isa = PBXShellScriptBuildPhase;
			buildActionMask = 2147483647;
			files = (
			);
			inputFileListPaths = (
			);
			inputPaths = (
				"${PODS_PODFILE_DIR_PATH}/Podfile.lock",
				"${PODS_ROOT}/Manifest.lock",
			);
			name = "[CP] Check Pods Manifest.lock";
			outputFileListPaths = (
			);
			outputPaths = (
				"$(DERIVED_FILE_DIR)/Pods-SampleApp-checkManifestLockResult.txt",
			);
			runOnlyForDeploymentPostprocessing = 0;
			shellPath = /bin/sh;
			shellScript = "diff \"${PODS_PODFILE_DIR_PATH}/Podfile.lock\" \"${PODS_ROOT}/Manifest.lock\" > /dev/null\nif [ $? != 0 ] ; then\n    # print error to STDERR\n    echo \"error: The sandbox is not in sync with the Podfile.lock. Run 'pod install' or update your CocoaPods installation.\" >&2\n    exit 1\nfi\n# This output is used by Xcode 'outputs' to avoid re-running this script phase.\necho \"SUCCESS\" > \"${SCRIPT_OUTPUT_FILE_0}\"\n";
			showEnvVarsInLog = 0;
		};
		898A387C319558CBE2F95CD9 /* [CP] Embed Pods Frameworks */ = {
			isa = PBXShellScriptBuildPhase;
			buildActionMask = 2147483647;
			files = (
			);
			inputPaths = (
				"${PODS_ROOT}/Target Support Files/Pods-SampleAppTests/Pods-SampleAppTests-frameworks.sh",
				"${BUILT_PRODUCTS_DIR}/LayoutTestBase/LayoutTestBase.framework",
				"${BUILT_PRODUCTS_DIR}/LayoutTest/LayoutTest.framework",
			);
			name = "[CP] Embed Pods Frameworks";
			outputPaths = (
				"${TARGET_BUILD_DIR}/${FRAMEWORKS_FOLDER_PATH}/LayoutTestBase.framework",
				"${TARGET_BUILD_DIR}/${FRAMEWORKS_FOLDER_PATH}/LayoutTest.framework",
			);
			runOnlyForDeploymentPostprocessing = 0;
			shellPath = /bin/sh;
			shellScript = "\"${PODS_ROOT}/Target Support Files/Pods-SampleAppTests/Pods-SampleAppTests-frameworks.sh\"\n";
			showEnvVarsInLog = 0;
		};
		987AA5667213215E9730C969 /* [CP] Embed Pods Frameworks */ = {
			isa = PBXShellScriptBuildPhase;
			buildActionMask = 2147483647;
			files = (
			);
			inputPaths = (
				"${PODS_ROOT}/Target Support Files/Pods-SampleApp/Pods-SampleApp-frameworks.sh",
				"${BUILT_PRODUCTS_DIR}/LayoutTestBase/LayoutTestBase.framework",
			);
			name = "[CP] Embed Pods Frameworks";
			outputPaths = (
				"${TARGET_BUILD_DIR}/${FRAMEWORKS_FOLDER_PATH}/LayoutTestBase.framework",
			);
			runOnlyForDeploymentPostprocessing = 0;
			shellPath = /bin/sh;
			shellScript = "\"${PODS_ROOT}/Target Support Files/Pods-SampleApp/Pods-SampleApp-frameworks.sh\"\n";
			showEnvVarsInLog = 0;
		};
		FCB4C2FE67A6C8B8CDB6D496 /* [CP] Embed Pods Frameworks */ = {
			isa = PBXShellScriptBuildPhase;
			buildActionMask = 2147483647;
			files = (
			);
			inputPaths = (
				"${PODS_ROOT}/Target Support Files/Pods-CatalogSample/Pods-CatalogSample-frameworks.sh",
				"${BUILT_PRODUCTS_DIR}/LayoutTestBase/LayoutTestBase.framework",
			);
			name = "[CP] Embed Pods Frameworks";
			outputPaths = (
				"${TARGET_BUILD_DIR}/${FRAMEWORKS_FOLDER_PATH}/LayoutTestBase.framework",
			);
			runOnlyForDeploymentPostprocessing = 0;
			shellPath = /bin/sh;
			shellScript = "\"${PODS_ROOT}/Target Support Files/Pods-CatalogSample/Pods-CatalogSample-frameworks.sh\"\n";
			showEnvVarsInLog = 0;
		};
/* End PBXShellScriptBuildPhase section */

/* Begin PBXSourcesBuildPhase section */
		61A305DC1C12583100CB3FEC /* Sources */ = {
			isa = PBXSourcesBuildPhase;
			buildActionMask = 2147483647;
			files = (
				61A3060B1C12588700CB3FEC /* SampleTableViewCell.swift in Sources */,
				C56317EF1C63596400A8E8BA /* SampleFailingView.swift in Sources */,
				61A305E41C12583100CB3FEC /* AppDelegate.swift in Sources */,
				61A306091C12588700CB3FEC /* HomeViewController.swift in Sources */,
			);
			runOnlyForDeploymentPostprocessing = 0;
		};
		61A305F01C12583100CB3FEC /* Sources */ = {
			isa = PBXSourcesBuildPhase;
			buildActionMask = 2147483647;
			files = (
				C56317EB1C63589900A8E8BA /* SampleFailingLayoutTestsWithSnapshots.swift in Sources */,
				C5CE8F9E1C621E2500250812 /* SampleTableViewCellLayoutTests.swift in Sources */,
			);
			runOnlyForDeploymentPostprocessing = 0;
		};
		61F42D6D1C18878700A21677 /* Sources */ = {
			isa = PBXSourcesBuildPhase;
			buildActionMask = 2147483647;
			files = (
				61F42D741C18878700A21677 /* AppDelegate.swift in Sources */,
				615044901C1888DD00425AED /* SampleTableViewCell.swift in Sources */,
			);
			runOnlyForDeploymentPostprocessing = 0;
		};
/* End PBXSourcesBuildPhase section */

/* Begin PBXTargetDependency section */
		61A305F61C12583100CB3FEC /* PBXTargetDependency */ = {
			isa = PBXTargetDependency;
			target = 61A305DF1C12583100CB3FEC /* SampleApp */;
			targetProxy = 61A305F51C12583100CB3FEC /* PBXContainerItemProxy */;
		};
/* End PBXTargetDependency section */

/* Begin PBXVariantGroup section */
		61A305EC1C12583100CB3FEC /* LaunchScreen.storyboard */ = {
			isa = PBXVariantGroup;
			children = (
				61A305ED1C12583100CB3FEC /* Base */,
			);
			name = LaunchScreen.storyboard;
			sourceTree = "<group>";
		};
		61F42D7C1C18878700A21677 /* LaunchScreen.storyboard */ = {
			isa = PBXVariantGroup;
			children = (
				61F42D7D1C18878700A21677 /* Base */,
			);
			name = LaunchScreen.storyboard;
			sourceTree = "<group>";
		};
/* End PBXVariantGroup section */

/* Begin XCBuildConfiguration section */
		61A305FB1C12583100CB3FEC /* Debug */ = {
			isa = XCBuildConfiguration;
			buildSettings = {
				ALWAYS_SEARCH_USER_PATHS = NO;
				CLANG_ANALYZER_LOCALIZABILITY_NONLOCALIZED = YES;
				CLANG_CXX_LANGUAGE_STANDARD = "gnu++0x";
				CLANG_CXX_LIBRARY = "libc++";
				CLANG_ENABLE_MODULES = YES;
				CLANG_ENABLE_OBJC_ARC = YES;
				CLANG_WARN_BLOCK_CAPTURE_AUTORELEASING = YES;
				CLANG_WARN_BOOL_CONVERSION = YES;
				CLANG_WARN_COMMA = YES;
				CLANG_WARN_CONSTANT_CONVERSION = YES;
				CLANG_WARN_DEPRECATED_OBJC_IMPLEMENTATIONS = YES;
				CLANG_WARN_DIRECT_OBJC_ISA_USAGE = YES_ERROR;
				CLANG_WARN_EMPTY_BODY = YES;
				CLANG_WARN_ENUM_CONVERSION = YES;
				CLANG_WARN_INFINITE_RECURSION = YES;
				CLANG_WARN_INT_CONVERSION = YES;
				CLANG_WARN_NON_LITERAL_NULL_CONVERSION = YES;
				CLANG_WARN_OBJC_IMPLICIT_RETAIN_SELF = YES;
				CLANG_WARN_OBJC_LITERAL_CONVERSION = YES;
				CLANG_WARN_OBJC_ROOT_CLASS = YES_ERROR;
				CLANG_WARN_RANGE_LOOP_ANALYSIS = YES;
				CLANG_WARN_STRICT_PROTOTYPES = YES;
				CLANG_WARN_SUSPICIOUS_MOVE = YES;
				CLANG_WARN_UNREACHABLE_CODE = YES;
				CLANG_WARN__DUPLICATE_METHOD_MATCH = YES;
				"CODE_SIGN_IDENTITY[sdk=iphoneos*]" = "iPhone Developer";
				COPY_PHASE_STRIP = NO;
				DEBUG_INFORMATION_FORMAT = dwarf;
				ENABLE_STRICT_OBJC_MSGSEND = YES;
				ENABLE_TESTABILITY = YES;
				GCC_C_LANGUAGE_STANDARD = gnu99;
				GCC_DYNAMIC_NO_PIC = NO;
				GCC_NO_COMMON_BLOCKS = YES;
				GCC_OPTIMIZATION_LEVEL = 0;
				GCC_PREPROCESSOR_DEFINITIONS = (
					"DEBUG=1",
					"$(inherited)",
				);
				GCC_WARN_64_TO_32_BIT_CONVERSION = YES;
				GCC_WARN_ABOUT_RETURN_TYPE = YES_ERROR;
				GCC_WARN_UNDECLARED_SELECTOR = YES;
				GCC_WARN_UNINITIALIZED_AUTOS = YES_AGGRESSIVE;
				GCC_WARN_UNUSED_FUNCTION = YES;
				GCC_WARN_UNUSED_VARIABLE = YES;
				IPHONEOS_DEPLOYMENT_TARGET = 12.0;
				MTL_ENABLE_DEBUG_INFO = YES;
				ONLY_ACTIVE_ARCH = YES;
				SDKROOT = iphoneos;
				SWIFT_OPTIMIZATION_LEVEL = "-Onone";
			};
			name = Debug;
		};
		61A305FC1C12583100CB3FEC /* Release */ = {
			isa = XCBuildConfiguration;
			buildSettings = {
				ALWAYS_SEARCH_USER_PATHS = NO;
				CLANG_ANALYZER_LOCALIZABILITY_NONLOCALIZED = YES;
				CLANG_CXX_LANGUAGE_STANDARD = "gnu++0x";
				CLANG_CXX_LIBRARY = "libc++";
				CLANG_ENABLE_MODULES = YES;
				CLANG_ENABLE_OBJC_ARC = YES;
				CLANG_WARN_BLOCK_CAPTURE_AUTORELEASING = YES;
				CLANG_WARN_BOOL_CONVERSION = YES;
				CLANG_WARN_COMMA = YES;
				CLANG_WARN_CONSTANT_CONVERSION = YES;
				CLANG_WARN_DEPRECATED_OBJC_IMPLEMENTATIONS = YES;
				CLANG_WARN_DIRECT_OBJC_ISA_USAGE = YES_ERROR;
				CLANG_WARN_EMPTY_BODY = YES;
				CLANG_WARN_ENUM_CONVERSION = YES;
				CLANG_WARN_INFINITE_RECURSION = YES;
				CLANG_WARN_INT_CONVERSION = YES;
				CLANG_WARN_NON_LITERAL_NULL_CONVERSION = YES;
				CLANG_WARN_OBJC_IMPLICIT_RETAIN_SELF = YES;
				CLANG_WARN_OBJC_LITERAL_CONVERSION = YES;
				CLANG_WARN_OBJC_ROOT_CLASS = YES_ERROR;
				CLANG_WARN_RANGE_LOOP_ANALYSIS = YES;
				CLANG_WARN_STRICT_PROTOTYPES = YES;
				CLANG_WARN_SUSPICIOUS_MOVE = YES;
				CLANG_WARN_UNREACHABLE_CODE = YES;
				CLANG_WARN__DUPLICATE_METHOD_MATCH = YES;
				"CODE_SIGN_IDENTITY[sdk=iphoneos*]" = "iPhone Developer";
				COPY_PHASE_STRIP = NO;
				DEBUG_INFORMATION_FORMAT = "dwarf-with-dsym";
				ENABLE_NS_ASSERTIONS = NO;
				ENABLE_STRICT_OBJC_MSGSEND = YES;
				GCC_C_LANGUAGE_STANDARD = gnu99;
				GCC_NO_COMMON_BLOCKS = YES;
				GCC_WARN_64_TO_32_BIT_CONVERSION = YES;
				GCC_WARN_ABOUT_RETURN_TYPE = YES_ERROR;
				GCC_WARN_UNDECLARED_SELECTOR = YES;
				GCC_WARN_UNINITIALIZED_AUTOS = YES_AGGRESSIVE;
				GCC_WARN_UNUSED_FUNCTION = YES;
				GCC_WARN_UNUSED_VARIABLE = YES;
				IPHONEOS_DEPLOYMENT_TARGET = 12.0;
				MTL_ENABLE_DEBUG_INFO = NO;
				SDKROOT = iphoneos;
				SWIFT_COMPILATION_MODE = wholemodule;
				SWIFT_OPTIMIZATION_LEVEL = "-O";
				VALIDATE_PRODUCT = YES;
			};
			name = Release;
		};
		61A305FE1C12583100CB3FEC /* Debug */ = {
			isa = XCBuildConfiguration;
			baseConfigurationReference = DFF1119AC9A14845CAC1EB47 /* Pods-SampleApp.debug.xcconfig */;
			buildSettings = {
				ASSETCATALOG_COMPILER_APPICON_NAME = AppIcon;
				INFOPLIST_FILE = SampleApp/Info.plist;
				LD_RUNPATH_SEARCH_PATHS = (
					"$(inherited)",
					"@executable_path/Frameworks",
				);
				PRODUCT_BUNDLE_IDENTIFIER = LinkedIn.SampleApp;
				PRODUCT_NAME = "$(TARGET_NAME)";
				SWIFT_VERSION = 5.0;
			};
			name = Debug;
		};
		61A305FF1C12583100CB3FEC /* Release */ = {
			isa = XCBuildConfiguration;
			baseConfigurationReference = FFD6A9331E561F8CA15351BD /* Pods-SampleApp.release.xcconfig */;
			buildSettings = {
				ASSETCATALOG_COMPILER_APPICON_NAME = AppIcon;
				INFOPLIST_FILE = SampleApp/Info.plist;
				LD_RUNPATH_SEARCH_PATHS = (
					"$(inherited)",
					"@executable_path/Frameworks",
				);
				PRODUCT_BUNDLE_IDENTIFIER = LinkedIn.SampleApp;
				PRODUCT_NAME = "$(TARGET_NAME)";
				SWIFT_VERSION = 5.0;
			};
			name = Release;
		};
		61A306011C12583100CB3FEC /* Debug */ = {
			isa = XCBuildConfiguration;
			baseConfigurationReference = FA10D4097E58DFE0D9C3BD0D /* Pods-SampleAppTests.debug.xcconfig */;
			buildSettings = {
				BUNDLE_LOADER = "$(TEST_HOST)";
				INFOPLIST_FILE = SampleAppTests/Info.plist;
				LD_RUNPATH_SEARCH_PATHS = (
					"$(inherited)",
					"@executable_path/Frameworks",
					"@loader_path/Frameworks",
				);
				PRODUCT_BUNDLE_IDENTIFIER = LinkedIn.SampleAppTests;
				PRODUCT_NAME = "$(TARGET_NAME)";
				SWIFT_VERSION = 5.0;
				TEST_HOST = "$(BUILT_PRODUCTS_DIR)/SampleApp.app/SampleApp";
			};
			name = Debug;
		};
		61A306021C12583100CB3FEC /* Release */ = {
			isa = XCBuildConfiguration;
			baseConfigurationReference = 11C2CB3BF1CA2ADA5D9CA3B7 /* Pods-SampleAppTests.release.xcconfig */;
			buildSettings = {
				BUNDLE_LOADER = "$(TEST_HOST)";
				INFOPLIST_FILE = SampleAppTests/Info.plist;
				LD_RUNPATH_SEARCH_PATHS = (
					"$(inherited)",
					"@executable_path/Frameworks",
					"@loader_path/Frameworks",
				);
				PRODUCT_BUNDLE_IDENTIFIER = LinkedIn.SampleAppTests;
				PRODUCT_NAME = "$(TARGET_NAME)";
				SWIFT_VERSION = 5.0;
				TEST_HOST = "$(BUILT_PRODUCTS_DIR)/SampleApp.app/SampleApp";
			};
			name = Release;
		};
		61F42D801C18878700A21677 /* Debug */ = {
			isa = XCBuildConfiguration;
			baseConfigurationReference = B938E1BE7D5DC70469F3C61B /* Pods-CatalogSample.debug.xcconfig */;
			buildSettings = {
				ASSETCATALOG_COMPILER_APPICON_NAME = AppIcon;
				INFOPLIST_FILE = CatalogSample/Info.plist;
				IPHONEOS_DEPLOYMENT_TARGET = 12.0;
				LD_RUNPATH_SEARCH_PATHS = (
					"$(inherited)",
					"@executable_path/Frameworks",
				);
				PRODUCT_BUNDLE_IDENTIFIER = LinkedIn.CatalogSample;
				PRODUCT_NAME = "$(TARGET_NAME)";
				SWIFT_VERSION = 5.0;
			};
			name = Debug;
		};
		61F42D811C18878700A21677 /* Release */ = {
			isa = XCBuildConfiguration;
			baseConfigurationReference = D5FA108187CDB95EBC7F7BEC /* Pods-CatalogSample.release.xcconfig */;
			buildSettings = {
				ASSETCATALOG_COMPILER_APPICON_NAME = AppIcon;
				INFOPLIST_FILE = CatalogSample/Info.plist;
				IPHONEOS_DEPLOYMENT_TARGET = 12.0;
				LD_RUNPATH_SEARCH_PATHS = (
					"$(inherited)",
					"@executable_path/Frameworks",
				);
				PRODUCT_BUNDLE_IDENTIFIER = LinkedIn.CatalogSample;
				PRODUCT_NAME = "$(TARGET_NAME)";
				SWIFT_VERSION = 5.0;
			};
			name = Release;
		};
/* End XCBuildConfiguration section */

/* Begin XCConfigurationList section */
		61A305DB1C12583100CB3FEC /* Build configuration list for PBXProject "SampleApp" */ = {
			isa = XCConfigurationList;
			buildConfigurations = (
				61A305FB1C12583100CB3FEC /* Debug */,
				61A305FC1C12583100CB3FEC /* Release */,
			);
			defaultConfigurationIsVisible = 0;
			defaultConfigurationName = Release;
		};
		61A305FD1C12583100CB3FEC /* Build configuration list for PBXNativeTarget "SampleApp" */ = {
			isa = XCConfigurationList;
			buildConfigurations = (
				61A305FE1C12583100CB3FEC /* Debug */,
				61A305FF1C12583100CB3FEC /* Release */,
			);
			defaultConfigurationIsVisible = 0;
			defaultConfigurationName = Release;
		};
		61A306001C12583100CB3FEC /* Build configuration list for PBXNativeTarget "SampleAppTests" */ = {
			isa = XCConfigurationList;
			buildConfigurations = (
				61A306011C12583100CB3FEC /* Debug */,
				61A306021C12583100CB3FEC /* Release */,
			);
			defaultConfigurationIsVisible = 0;
			defaultConfigurationName = Release;
		};
		61F42D821C18878700A21677 /* Build configuration list for PBXNativeTarget "CatalogSample" */ = {
			isa = XCConfigurationList;
			buildConfigurations = (
				61F42D801C18878700A21677 /* Debug */,
				61F42D811C18878700A21677 /* Release */,
			);
			defaultConfigurationIsVisible = 0;
			defaultConfigurationName = Release;
		};
/* End XCConfigurationList section */
	};
	rootObject = 61A305D81C12583100CB3FEC /* Project object */;
}
