PODS:
  - LayoutTest (1.1.1):
    - LayoutTest/TestCase (= 1.1.1)
    - LayoutTestBase (= 1.1.1)
  - LayoutTest/ModuleHeader (1.1.1):
    - LayoutTestBase (= 1.1.1)
  - LayoutTest/TestCase (1.1.1):
    - LayoutTest/ModuleHeader
    - LayoutTestBase (= 1.1.1)
    - LayoutTestBase/Config
    - LayoutTestBase/Core
  - LayoutTestBase (1.1.1):
    - LayoutTestBase/Autolayout (= 1.1.1)
    - LayoutTestBase/Catalog (= 1.1.1)
    - LayoutTestBase/Config (= 1.1.1)
    - LayoutTestBase/Core (= 1.1.1)
    - LayoutTestBase/UIViewHelpers (= 1.1.1)
  - LayoutTestBase/Autolayout (1.1.1)
  - LayoutTestBase/Catalog (1.1.1):
    - LayoutTestBase/Core
  - LayoutTestBase/Config (1.1.1)
  - LayoutTestBase/Core (1.1.1):
    - LayoutTestBase/Config
  - LayoutTestBase/UIViewHelpers (1.1.1):
    - LayoutTestBase/Config

DEPENDENCIES:
  - LayoutTest (from `../..`)
  - LayoutTestBase (from `../..`)

EXTERNAL SOURCES:
  LayoutTest:
    :path: ../..
  LayoutTestBase:
    :path: ../..

SPEC CHECKSUMS:
  LayoutTest: 04b0a8894b3f9fe093a6ff5881e9b44c64cef066
  LayoutTestBase: 93d8f19820743852760491874d75480d573c60a8

COCOAPODS: 0.39.0
